
Microsoft Visual Studio Solution File, Format Version 12.00
Project("{2150E333-8FDC-42A3-9474-1A3956D46DE8}") = "Day 1 - Make your production code easier to understand", "Day 1 - Make your production code easier to understand", "{1B18AD70-29A4-4D6F-A9CC-90062090D789}"
EndProject
Project("{FAE04EC0-301F-11D3-BF4B-00C04F79EFBC}") = "Day01.Tests", "Day01\Day01.Tests\Day01.Tests.csproj", "{E4531F97-7BA3-4EBC-83C9-2D8C692C02CF}"
EndProject
Project("{FAE04EC0-301F-11D3-BF4B-00C04F79EFBC}") = "Day01", "Day01\Day01\Day01.csproj", "{E590BBEB-7AB4-402A-8401-2A1C0F527501}"
EndProject
Project("{2150E333-8FDC-42A3-9474-1A3956D46DE8}") = "Day 2 - One level of indentation", "Day 2 - One level of indentation", "{838815DE-9732-41D0-A3A4-0ABC3A70F3DE}"
EndProject
Project("{FAE04EC0-301F-11D3-BF4B-00C04F79EFBC}") = "Day02", "Day02\Day02\Day02.csproj", "{75A7FBD8-6F36-4834-8CCE-0DD52AE4C7D1}"
EndProject
Project("{FAE04EC0-301F-11D3-BF4B-00C04F79EFBC}") = "Day02.Tests", "Day02\Day02.Tests\Day02.Tests.csproj", "{E0D5A738-D39F-492F-A60D-8A1B1A368E89}"
EndProject
Project("{FAE04EC0-301F-11D3-BF4B-00C04F79EFBC}") = "Day03", "Day03\Day03\Day03.csproj", "{0EAABB31-414F-4DD4-9E99-BAB410F178DA}"
EndProject
Project("{2150E333-8FDC-42A3-9474-1A3956D46DE8}") = "Day 3 - One dot per line", "Day 3 - One dot per line", "{038CDA51-A732-4622-9748-B8EDB65099BC}"
EndProject
Project("{FAE04EC0-301F-11D3-BF4B-00C04F79EFBC}") = "Day03.Tests", "Day03\Day03.Tests\Day03.Tests.csproj", "{8DD80077-35F9-419E-9AF4-2CF83028A7CD}"
EndProject
Project("{2150E333-8FDC-42A3-9474-1A3956D46DE8}") = "Day 4 - Identify the behavior under test and rewrite the tests", "Day 4 - Identify the behavior under test and rewrite the tests", "{8D6A34B2-77BE-47E0-9040-D8544B5A81AB}"
EndProject
Project("{FAE04EC0-301F-11D3-BF4B-00C04F79EFBC}") = "Day04", "Day04\Day04\Day04.csproj", "{7D4DD79A-DBF5-42E4-84D2-D52748FD4342}"
EndProject
Project("{FAE04EC0-301F-11D3-BF4B-00C04F79EFBC}") = "Day04.Tests", "Day04\Day04.Tests\Day04.Tests.csproj", "{1EB2B086-AEB2-457B-A65E-DA8372C7DB2D}"
EndProject
Project("{2150E333-8FDC-42A3-9474-1A3956D46DE8}") = "Day 5 - No for loop authorized", "Day 5 - No for loop authorized", "{48560EF8-269E-4373-9DF0-E1E68D59EB6A}"
EndProject
Project("{FAE04EC0-301F-11D3-BF4B-00C04F79EFBC}") = "Day05", "Day05\Day05\Day05.csproj", "{657A0F23-BFA2-4B65-81FC-AA74E4B207B3}"
EndProject
Project("{FAE04EC0-301F-11D3-BF4B-00C04F79EFBC}") = "Day05.Tests", "Day05\Day05.Tests\Day05.Tests.csproj", "{D101AC5C-815B-4823-821B-796A35ACCA4B}"
EndProject
Project("{2150E333-8FDC-42A3-9474-1A3956D46DE8}") = "Day 6 - Parameterize your tests", "Day 6 - Parameterize your tests", "{439E0B14-D1FB-42D9-8E10-0F4B5A4B7292}"
EndProject
Project("{FAE04EC0-301F-11D3-BF4B-00C04F79EFBC}") = "Day06", "Day06\Day06\Day06.csproj", "{F9027012-5B99-42BC-AAD6-A8381625F010}"
EndProject
Project("{FAE04EC0-301F-11D3-BF4B-00C04F79EFBC}") = "Day06.Tests", "Day06\Day06.Tests\Day06.Tests.csproj", "{0C04BC68-06C0-4E0F-BC7F-C257FCDBE4EA}"
EndProject
Project("{2150E333-8FDC-42A3-9474-1A3956D46DE8}") = "Day 7 - Simplify the run method by extracting the right behavior", "Day 7 - Simplify the run method by extracting the right behavior", "{AFCB24E5-F1A2-4EDA-953E-A38C8C6CA798}"
EndProject
Project("{FAE04EC0-301F-11D3-BF4B-00C04F79EFBC}") = "Day07", "Day07\Day07\Day07.csproj", "{396665AA-FE14-4215-93F6-DEC0B7E2FCC9}"
EndProject
Project("{FAE04EC0-301F-11D3-BF4B-00C04F79EFBC}") = "Day07.Tests", "Day07\Day07.Tests\Day07.Tests.csproj", "{4E1AEC3D-8103-4AC7-8F15-5CE5C9AB35F3}"
EndProject
Project("{2150E333-8FDC-42A3-9474-1A3956D46DE8}") = "Day 8 - Using TDD rules write a password validation program", "Day 8 - Using TDD rules write a password validation program", "{556E9823-4B83-4F3B-82A7-8C48F2B73E55}"
EndProject
Project("{FAE04EC0-301F-11D3-BF4B-00C04F79EFBC}") = "Day08", "Day08\Day08\Day08.csproj", "{56D3A6AE-124A-409E-8EA9-7CAD1E597855}"
EndProject
Project("{FAE04EC0-301F-11D3-BF4B-00C04F79EFBC}") = "Day08.Tests", "Day08\Day08.Tests\Day08.Tests.csproj", "{6469F067-45BC-47D7-BC00-B37BBA60E725}"
EndProject
Project("{2150E333-8FDC-42A3-9474-1A3956D46DE8}") = "Day 9 - Fix the code", "Day 9 - Fix the code", "{63CFFC09-7499-4B04-9DA4-7C65D707FCA1}"
EndProject
Project("{FAE04EC0-301F-11D3-BF4B-00C04F79EFBC}") = "Day09", "Day09\Day09\Day09.csproj", "{C4144E95-888F-4D8E-8250-9EDAB43A1E84}"
EndProject
Project("{FAE04EC0-301F-11D3-BF4B-00C04F79EFBC}") = "Day09.Tests", "Day09\Day09.Tests\Day09.Tests.csproj", "{01A33078-867D-454B-9AB7-536CA313928B}"
EndProject
Project("{2150E333-8FDC-42A3-9474-1A3956D46DE8}") = "Day 10 - Dot not use if statement", "Day 10 - Dot not use if statement", "{478723CD-5BF9-45B1-8544-F3A692756707}"
EndProject
Project("{FAE04EC0-301F-11D3-BF4B-00C04F79EFBC}") = "Day10", "Day10\Day10\Day10.csproj", "{174CDEC0-4654-4A3C-AE0E-E1203B609DE1}"
EndProject
Project("{FAE04EC0-301F-11D3-BF4B-00C04F79EFBC}") = "Day10.Tests", "Day10\Day10.Tests\Day10.Tests.csproj", "{6552D377-B1F4-4379-9EB3-BBEE8BC883BE}"
EndProject
Project("{2150E333-8FDC-42A3-9474-1A3956D46DE8}") = "Day 11 - Gather a dependency freshness metric", "Day 11 - Gather a dependency freshness metric", "{C93B716A-AA13-441C-8AC9-BF9B02C865A7}"
	ProjectSection(SolutionItems) = preProject
		Day11\libyear\libyear-result.png = Day11\libyear\libyear-result.png
	EndProjectSection
EndProject
Project("{FAE04EC0-301F-11D3-BF4B-00C04F79EFBC}") = "Day11", "Day11\Day11\Day11.csproj", "{BAADA6F9-4AFC-42FD-A93D-395C47CDDB2F}"
EndProject
Project("{FAE04EC0-301F-11D3-BF4B-00C04F79EFBC}") = "Day11.Tests", "Day11\Day11.Tests\Day11.Tests.csproj", "{2B888415-E61F-4FBB-9931-309471FCCBC3}"
EndProject
Project("{2150E333-8FDC-42A3-9474-1A3956D46DE8}") = "Day 12 - Make your code open for extension", "Day 12 - Make your code open for extension", "{CFFD2191-B5BD-4959-8A78-3BD60DE145B4}"
EndProject
Project("{FAE04EC0-301F-11D3-BF4B-00C04F79EFBC}") = "Day12", "Day12\Day12\Day12.csproj", "{7DCA4806-93ED-48D4-863C-B87DD402BE03}"
EndProject
Project("{FAE04EC0-301F-11D3-BF4B-00C04F79EFBC}") = "Day12.Tests", "Day12\Day12.Tests\Day12.Tests.csproj", "{C610749C-6F1F-4A97-B2EF-FE13F67A8748}"
EndProject
Project("{FAE04EC0-301F-11D3-BF4B-00C04F79EFBC}") = "Day13", "Day13\Day13\Day13.csproj", "{A7E682D5-77A7-41D7-A7A4-82643E95BDB2}"
EndProject
Project("{2150E333-8FDC-42A3-9474-1A3956D46DE8}") = "Day 13 - Find a way to eliminate the irrelevant and amplify the essentials of those tests", "Day 13 - Find a way to eliminate the irrelevant and amplify the essentials of those tests", "{FC38DA67-B672-419C-9867-709026DE3308}"
EndProject
Project("{FAE04EC0-301F-11D3-BF4B-00C04F79EFBC}") = "Day13.Tests", "Day13\Day13.Tests\Day13.Tests.csproj", "{FE203F90-270F-4CCE-A341-F42B2FA380C0}"
EndProject
Project("{2150E333-8FDC-42A3-9474-1A3956D46DE8}") = "Day 14 - Do not use exceptions anymore", "Day 14 - Do not use exceptions anymore", "{98920142-86E4-442F-B51B-38F5F38F7956}"
EndProject
Project("{FAE04EC0-301F-11D3-BF4B-00C04F79EFBC}") = "Day14", "Day14\Day14\Day14.csproj", "{22E8C778-1364-4D00-B085-AC8033AF4A48}"
EndProject
Project("{FAE04EC0-301F-11D3-BF4B-00C04F79EFBC}") = "Day14.Tests", "Day14\Day14.Tests\Day14.Tests.csproj", "{0D514739-E78B-4C84-B7FF-2547EA2318CC}"
EndProject
Project("{FAE04EC0-301F-11D3-BF4B-00C04F79EFBC}") = "Day15", "Day15\Day15\Day15.csproj", "{56AD17F3-EF6E-4F6E-B73E-DDEF5F78441E}"
EndProject
Project("{2150E333-8FDC-42A3-9474-1A3956D46DE8}") = "Day 15 - Put a code under tests", "Day 15 - Put a code under tests", "{7FD0D783-4D77-4205-BEE3-CA370D516C1C}"
EndProject
Project("{FAE04EC0-301F-11D3-BF4B-00C04F79EFBC}") = "Day15.Tests", "Day15\Day15.Tests\Day15.Tests.csproj", "{7D7FD435-8D1B-4B1B-BFEC-69A79646A00E}"
EndProject
Project("{2150E333-8FDC-42A3-9474-1A3956D46DE8}") = "Day 16 - Make this code immutable", "Day 16 - Make this code immutable", "{06B73AD8-6A03-47D6-B021-FEE2A83344AF}"
EndProject
Project("{FAE04EC0-301F-11D3-BF4B-00C04F79EFBC}") = "Day16.Tests", "Day16\Day16.Tests\Day16.Tests.csproj", "{9B40B847-9172-4BC1-9636-ECF1E7C8AEB0}"
EndProject
Project("{FAE04EC0-301F-11D3-BF4B-00C04F79EFBC}") = "Day16", "Day16\Day16\Day16.csproj", "{C083702A-42ED-48C2-A5D3-0C1530B80362}"
EndProject
Project("{2150E333-8FDC-42A3-9474-1A3956D46DE8}") = "Day 17 - Design one test that has the impact of thousands", "Day 17 - Design one test that has the impact of thousands", "{0A60269E-F649-4532-8F1C-DFD85E6C2531}"
EndProject
Project("{FAE04EC0-301F-11D3-BF4B-00C04F79EFBC}") = "Day17", "Day17\Day17\Day17.csproj", "{10188674-C78E-44E7-9A14-D5AF881F54F2}"
EndProject
Project("{FAE04EC0-301F-11D3-BF4B-00C04F79EFBC}") = "Day17.Tests", "Day17\Day17.Tests\Day17.Tests.csproj", "{7EACD761-7EDB-4318-938F-3F714C880B08}"
EndProject
Project("{2150E333-8FDC-42A3-9474-1A3956D46DE8}") = "Day 18 - Automatically detect Linguistic Anti-Patterns", "Day 18 - Automatically detect Linguistic Anti-Patterns", "{3A708D41-465B-420C-B720-DA0F10E7B42D}"
EndProject
Project("{FAE04EC0-301F-11D3-BF4B-00C04F79EFBC}") = "Day18", "Day18\Day18\Day18.csproj", "{86CA2B94-E66E-4FA9-884E-1D539510393C}"
EndProject
Project("{FAE04EC0-301F-11D3-BF4B-00C04F79EFBC}") = "Day18.Tests", "Day18\Day18.Tests\Day18.Tests.csproj", "{AA7F3390-78F3-4B49-B92C-2F796F63DAAF}"
EndProject
Project("{2150E333-8FDC-42A3-9474-1A3956D46DE8}") = "Day 19 - Loosing up dead weight", "Day 19 - Loosing up dead weight", "{D18F680B-ED25-44AA-9100-9203E12A9E6F}"
EndProject
Project("{FAE04EC0-301F-11D3-BF4B-00C04F79EFBC}") = "Day19", "Day19\Day19\Day19.csproj", "{ABE679E6-92AA-4D09-9484-6E93FDA14C96}"
EndProject
Project("{FAE04EC0-301F-11D3-BF4B-00C04F79EFBC}") = "Day19.Tests", "Day19\Day19.Tests\Day19.Tests.csproj", "{DF5D0334-8334-4560-9805-D1B9E3703670}"
EndProject
Project("{2150E333-8FDC-42A3-9474-1A3956D46DE8}") = "Day 20 - No more exceptions in our domain", "Day 20 - No more exceptions in our domain", "{29708795-BB67-4DAD-8EFF-F4286B20F249}"
EndProject
Project("{FAE04EC0-301F-11D3-BF4B-00C04F79EFBC}") = "Day20", "Day20\Day20\Day20.csproj", "{02C20E2B-1F13-4DE9-8F05-36C4F8151EFA}"
EndProject
Project("{FAE04EC0-301F-11D3-BF4B-00C04F79EFBC}") = "Day20.Tests", "Day20\Day20.Tests\Day20.Tests.csproj", "{7888AD2F-BA0B-4063-A5D4-DDF7E5A30ECE}"
EndProject
Project("{2150E333-8FDC-42A3-9474-1A3956D46DE8}") = "Day 21 - Refactor the tests and production code to Output-Based tests ", "Day 21 - Refactor the tests and production code to Output-Based tests ", "{944987BC-784C-425D-9C5E-1F006577D769}"
EndProject
Project("{FAE04EC0-301F-11D3-BF4B-00C04F79EFBC}") = "Day21", "Day21\Day21\Day21.csproj", "{30F07576-BB28-42BC-87CD-BAB203236333}"
EndProject
Project("{FAE04EC0-301F-11D3-BF4B-00C04F79EFBC}") = "Day21.Tests", "Day21\Day21.Tests\Day21.Tests.csproj", "{21D9263A-DCE9-4303-9788-72449C6E5457}"
EndProject
Project("{2150E333-8FDC-42A3-9474-1A3956D46DE8}") = "Day 22 - Design a diamond program using T.D.D and Property-Based Testing", "Day 22 - Design a diamond program using T.D.D and Property-Based Testing", "{C0CDF060-AEFF-4410-8F39-AD7AD21CB79E}"
EndProject
Project("{FAE04EC0-301F-11D3-BF4B-00C04F79EFBC}") = "Day22", "Day22\Day22\Day22.csproj", "{F6E8CEAD-349F-446B-892B-3213E49F832A}"
EndProject
Project("{FAE04EC0-301F-11D3-BF4B-00C04F79EFBC}") = "Day22.Tests", "Day22\Day22.Tests\Day22.Tests.csproj", "{B9280E43-8FC3-4746-A6E8-DC6E43D30617}"
EndProject
Project("{2150E333-8FDC-42A3-9474-1A3956D46DE8}") = "Day 23 - Refactor the code after putting it under test", "Day 23 - Refactor the code after putting it under test", "{4722E480-A551-4FB8-AF1F-536DE37A640A}"
EndProject
Project("{FAE04EC0-301F-11D3-BF4B-00C04F79EFBC}") = "Day23", "Day23\Day23\Day23.csproj", "{BF9BC813-0F02-42AF-8497-53C80B47CF50}"
EndProject
Project("{FAE04EC0-301F-11D3-BF4B-00C04F79EFBC}") = "Day23.Tests", "Day23\Day23.Tests\Day23.Tests.csproj", "{F3341E8B-1475-4B7F-9E7F-06681B912C4F}"
EndProject
Project("{2150E333-8FDC-42A3-9474-1A3956D46DE8}") = "Day 24 - Write the most complicated code you can", "Day 24 - Write the most complicated code you can", "{31D9F6BC-097A-4F5D-8DA0-60F06A242102}"
EndProject
Project("{FAE04EC0-301F-11D3-BF4B-00C04F79EFBC}") = "Day24", "Day24\Day24\Day24.csproj", "{65B7D6F8-8170-4C3D-932C-58D049048FD7}"
EndProject
Project("{FAE04EC0-301F-11D3-BF4B-00C04F79EFBC}") = "Day24.Tests", "Day24\Day24.Tests\Day24.Tests.csproj", "{C2994F11-1628-4988-A8CA-E01FA17FFF4C}"
EndProject
Global
	GlobalSection(SolutionConfigurationPlatforms) = preSolution
		Debug|Any CPU = Debug|Any CPU
		Release|Any CPU = Release|Any CPU
	EndGlobalSection
	GlobalSection(ProjectConfigurationPlatforms) = postSolution
		{E4531F97-7BA3-4EBC-83C9-2D8C692C02CF}.Debug|Any CPU.ActiveCfg = Debug|Any CPU
		{E4531F97-7BA3-4EBC-83C9-2D8C692C02CF}.Debug|Any CPU.Build.0 = Debug|Any CPU
		{E4531F97-7BA3-4EBC-83C9-2D8C692C02CF}.Release|Any CPU.ActiveCfg = Release|Any CPU
		{E4531F97-7BA3-4EBC-83C9-2D8C692C02CF}.Release|Any CPU.Build.0 = Release|Any CPU
		{E590BBEB-7AB4-402A-8401-2A1C0F527501}.Debug|Any CPU.ActiveCfg = Debug|Any CPU
		{E590BBEB-7AB4-402A-8401-2A1C0F527501}.Debug|Any CPU.Build.0 = Debug|Any CPU
		{E590BBEB-7AB4-402A-8401-2A1C0F527501}.Release|Any CPU.ActiveCfg = Release|Any CPU
		{E590BBEB-7AB4-402A-8401-2A1C0F527501}.Release|Any CPU.Build.0 = Release|Any CPU
		{75A7FBD8-6F36-4834-8CCE-0DD52AE4C7D1}.Debug|Any CPU.ActiveCfg = Debug|Any CPU
		{75A7FBD8-6F36-4834-8CCE-0DD52AE4C7D1}.Debug|Any CPU.Build.0 = Debug|Any CPU
		{75A7FBD8-6F36-4834-8CCE-0DD52AE4C7D1}.Release|Any CPU.ActiveCfg = Release|Any CPU
		{75A7FBD8-6F36-4834-8CCE-0DD52AE4C7D1}.Release|Any CPU.Build.0 = Release|Any CPU
		{E0D5A738-D39F-492F-A60D-8A1B1A368E89}.Debug|Any CPU.ActiveCfg = Debug|Any CPU
		{E0D5A738-D39F-492F-A60D-8A1B1A368E89}.Debug|Any CPU.Build.0 = Debug|Any CPU
		{E0D5A738-D39F-492F-A60D-8A1B1A368E89}.Release|Any CPU.ActiveCfg = Release|Any CPU
		{E0D5A738-D39F-492F-A60D-8A1B1A368E89}.Release|Any CPU.Build.0 = Release|Any CPU
		{0EAABB31-414F-4DD4-9E99-BAB410F178DA}.Debug|Any CPU.ActiveCfg = Debug|Any CPU
		{0EAABB31-414F-4DD4-9E99-BAB410F178DA}.Debug|Any CPU.Build.0 = Debug|Any CPU
		{0EAABB31-414F-4DD4-9E99-BAB410F178DA}.Release|Any CPU.ActiveCfg = Release|Any CPU
		{0EAABB31-414F-4DD4-9E99-BAB410F178DA}.Release|Any CPU.Build.0 = Release|Any CPU
		{8DD80077-35F9-419E-9AF4-2CF83028A7CD}.Debug|Any CPU.ActiveCfg = Debug|Any CPU
		{8DD80077-35F9-419E-9AF4-2CF83028A7CD}.Debug|Any CPU.Build.0 = Debug|Any CPU
		{8DD80077-35F9-419E-9AF4-2CF83028A7CD}.Release|Any CPU.ActiveCfg = Release|Any CPU
		{8DD80077-35F9-419E-9AF4-2CF83028A7CD}.Release|Any CPU.Build.0 = Release|Any CPU
		{7D4DD79A-DBF5-42E4-84D2-D52748FD4342}.Debug|Any CPU.ActiveCfg = Debug|Any CPU
		{7D4DD79A-DBF5-42E4-84D2-D52748FD4342}.Debug|Any CPU.Build.0 = Debug|Any CPU
		{7D4DD79A-DBF5-42E4-84D2-D52748FD4342}.Release|Any CPU.ActiveCfg = Release|Any CPU
		{7D4DD79A-DBF5-42E4-84D2-D52748FD4342}.Release|Any CPU.Build.0 = Release|Any CPU
		{1EB2B086-AEB2-457B-A65E-DA8372C7DB2D}.Debug|Any CPU.ActiveCfg = Debug|Any CPU
		{1EB2B086-AEB2-457B-A65E-DA8372C7DB2D}.Debug|Any CPU.Build.0 = Debug|Any CPU
		{1EB2B086-AEB2-457B-A65E-DA8372C7DB2D}.Release|Any CPU.ActiveCfg = Release|Any CPU
		{1EB2B086-AEB2-457B-A65E-DA8372C7DB2D}.Release|Any CPU.Build.0 = Release|Any CPU
		{657A0F23-BFA2-4B65-81FC-AA74E4B207B3}.Debug|Any CPU.ActiveCfg = Debug|Any CPU
		{657A0F23-BFA2-4B65-81FC-AA74E4B207B3}.Debug|Any CPU.Build.0 = Debug|Any CPU
		{657A0F23-BFA2-4B65-81FC-AA74E4B207B3}.Release|Any CPU.ActiveCfg = Release|Any CPU
		{657A0F23-BFA2-4B65-81FC-AA74E4B207B3}.Release|Any CPU.Build.0 = Release|Any CPU
		{D101AC5C-815B-4823-821B-796A35ACCA4B}.Debug|Any CPU.ActiveCfg = Debug|Any CPU
		{D101AC5C-815B-4823-821B-796A35ACCA4B}.Debug|Any CPU.Build.0 = Debug|Any CPU
		{D101AC5C-815B-4823-821B-796A35ACCA4B}.Release|Any CPU.ActiveCfg = Release|Any CPU
		{D101AC5C-815B-4823-821B-796A35ACCA4B}.Release|Any CPU.Build.0 = Release|Any CPU
		{F9027012-5B99-42BC-AAD6-A8381625F010}.Debug|Any CPU.ActiveCfg = Debug|Any CPU
		{F9027012-5B99-42BC-AAD6-A8381625F010}.Debug|Any CPU.Build.0 = Debug|Any CPU
		{F9027012-5B99-42BC-AAD6-A8381625F010}.Release|Any CPU.ActiveCfg = Release|Any CPU
		{F9027012-5B99-42BC-AAD6-A8381625F010}.Release|Any CPU.Build.0 = Release|Any CPU
		{0C04BC68-06C0-4E0F-BC7F-C257FCDBE4EA}.Debug|Any CPU.ActiveCfg = Debug|Any CPU
		{0C04BC68-06C0-4E0F-BC7F-C257FCDBE4EA}.Debug|Any CPU.Build.0 = Debug|Any CPU
		{0C04BC68-06C0-4E0F-BC7F-C257FCDBE4EA}.Release|Any CPU.ActiveCfg = Release|Any CPU
		{0C04BC68-06C0-4E0F-BC7F-C257FCDBE4EA}.Release|Any CPU.Build.0 = Release|Any CPU
		{396665AA-FE14-4215-93F6-DEC0B7E2FCC9}.Debug|Any CPU.ActiveCfg = Debug|Any CPU
		{396665AA-FE14-4215-93F6-DEC0B7E2FCC9}.Debug|Any CPU.Build.0 = Debug|Any CPU
		{396665AA-FE14-4215-93F6-DEC0B7E2FCC9}.Release|Any CPU.ActiveCfg = Release|Any CPU
		{396665AA-FE14-4215-93F6-DEC0B7E2FCC9}.Release|Any CPU.Build.0 = Release|Any CPU
		{4E1AEC3D-8103-4AC7-8F15-5CE5C9AB35F3}.Debug|Any CPU.ActiveCfg = Debug|Any CPU
		{4E1AEC3D-8103-4AC7-8F15-5CE5C9AB35F3}.Debug|Any CPU.Build.0 = Debug|Any CPU
		{4E1AEC3D-8103-4AC7-8F15-5CE5C9AB35F3}.Release|Any CPU.ActiveCfg = Release|Any CPU
		{4E1AEC3D-8103-4AC7-8F15-5CE5C9AB35F3}.Release|Any CPU.Build.0 = Release|Any CPU
		{56D3A6AE-124A-409E-8EA9-7CAD1E597855}.Debug|Any CPU.ActiveCfg = Debug|Any CPU
		{56D3A6AE-124A-409E-8EA9-7CAD1E597855}.Debug|Any CPU.Build.0 = Debug|Any CPU
		{56D3A6AE-124A-409E-8EA9-7CAD1E597855}.Release|Any CPU.ActiveCfg = Release|Any CPU
		{56D3A6AE-124A-409E-8EA9-7CAD1E597855}.Release|Any CPU.Build.0 = Release|Any CPU
		{6469F067-45BC-47D7-BC00-B37BBA60E725}.Debug|Any CPU.ActiveCfg = Debug|Any CPU
		{6469F067-45BC-47D7-BC00-B37BBA60E725}.Debug|Any CPU.Build.0 = Debug|Any CPU
		{6469F067-45BC-47D7-BC00-B37BBA60E725}.Release|Any CPU.ActiveCfg = Release|Any CPU
		{6469F067-45BC-47D7-BC00-B37BBA60E725}.Release|Any CPU.Build.0 = Release|Any CPU
		{C4144E95-888F-4D8E-8250-9EDAB43A1E84}.Debug|Any CPU.ActiveCfg = Debug|Any CPU
		{C4144E95-888F-4D8E-8250-9EDAB43A1E84}.Debug|Any CPU.Build.0 = Debug|Any CPU
		{C4144E95-888F-4D8E-8250-9EDAB43A1E84}.Release|Any CPU.ActiveCfg = Release|Any CPU
		{C4144E95-888F-4D8E-8250-9EDAB43A1E84}.Release|Any CPU.Build.0 = Release|Any CPU
		{01A33078-867D-454B-9AB7-536CA313928B}.Debug|Any CPU.ActiveCfg = Debug|Any CPU
		{01A33078-867D-454B-9AB7-536CA313928B}.Debug|Any CPU.Build.0 = Debug|Any CPU
		{01A33078-867D-454B-9AB7-536CA313928B}.Release|Any CPU.ActiveCfg = Release|Any CPU
		{01A33078-867D-454B-9AB7-536CA313928B}.Release|Any CPU.Build.0 = Release|Any CPU
		{174CDEC0-4654-4A3C-AE0E-E1203B609DE1}.Debug|Any CPU.ActiveCfg = Debug|Any CPU
		{174CDEC0-4654-4A3C-AE0E-E1203B609DE1}.Debug|Any CPU.Build.0 = Debug|Any CPU
		{174CDEC0-4654-4A3C-AE0E-E1203B609DE1}.Release|Any CPU.ActiveCfg = Release|Any CPU
		{174CDEC0-4654-4A3C-AE0E-E1203B609DE1}.Release|Any CPU.Build.0 = Release|Any CPU
		{6552D377-B1F4-4379-9EB3-BBEE8BC883BE}.Debug|Any CPU.ActiveCfg = Debug|Any CPU
		{6552D377-B1F4-4379-9EB3-BBEE8BC883BE}.Debug|Any CPU.Build.0 = Debug|Any CPU
		{6552D377-B1F4-4379-9EB3-BBEE8BC883BE}.Release|Any CPU.ActiveCfg = Release|Any CPU
		{6552D377-B1F4-4379-9EB3-BBEE8BC883BE}.Release|Any CPU.Build.0 = Release|Any CPU
		{BAADA6F9-4AFC-42FD-A93D-395C47CDDB2F}.Debug|Any CPU.ActiveCfg = Debug|Any CPU
		{BAADA6F9-4AFC-42FD-A93D-395C47CDDB2F}.Debug|Any CPU.Build.0 = Debug|Any CPU
		{BAADA6F9-4AFC-42FD-A93D-395C47CDDB2F}.Release|Any CPU.ActiveCfg = Release|Any CPU
		{BAADA6F9-4AFC-42FD-A93D-395C47CDDB2F}.Release|Any CPU.Build.0 = Release|Any CPU
		{2B888415-E61F-4FBB-9931-309471FCCBC3}.Debug|Any CPU.ActiveCfg = Debug|Any CPU
		{2B888415-E61F-4FBB-9931-309471FCCBC3}.Debug|Any CPU.Build.0 = Debug|Any CPU
		{2B888415-E61F-4FBB-9931-309471FCCBC3}.Release|Any CPU.ActiveCfg = Release|Any CPU
		{2B888415-E61F-4FBB-9931-309471FCCBC3}.Release|Any CPU.Build.0 = Release|Any CPU
		{7DCA4806-93ED-48D4-863C-B87DD402BE03}.Debug|Any CPU.ActiveCfg = Debug|Any CPU
		{7DCA4806-93ED-48D4-863C-B87DD402BE03}.Debug|Any CPU.Build.0 = Debug|Any CPU
		{7DCA4806-93ED-48D4-863C-B87DD402BE03}.Release|Any CPU.ActiveCfg = Release|Any CPU
		{7DCA4806-93ED-48D4-863C-B87DD402BE03}.Release|Any CPU.Build.0 = Release|Any CPU
		{C610749C-6F1F-4A97-B2EF-FE13F67A8748}.Debug|Any CPU.ActiveCfg = Debug|Any CPU
		{C610749C-6F1F-4A97-B2EF-FE13F67A8748}.Debug|Any CPU.Build.0 = Debug|Any CPU
		{C610749C-6F1F-4A97-B2EF-FE13F67A8748}.Release|Any CPU.ActiveCfg = Release|Any CPU
		{C610749C-6F1F-4A97-B2EF-FE13F67A8748}.Release|Any CPU.Build.0 = Release|Any CPU
		{A7E682D5-77A7-41D7-A7A4-82643E95BDB2}.Debug|Any CPU.ActiveCfg = Debug|Any CPU
		{A7E682D5-77A7-41D7-A7A4-82643E95BDB2}.Debug|Any CPU.Build.0 = Debug|Any CPU
		{A7E682D5-77A7-41D7-A7A4-82643E95BDB2}.Release|Any CPU.ActiveCfg = Release|Any CPU
		{A7E682D5-77A7-41D7-A7A4-82643E95BDB2}.Release|Any CPU.Build.0 = Release|Any CPU
		{FE203F90-270F-4CCE-A341-F42B2FA380C0}.Debug|Any CPU.ActiveCfg = Debug|Any CPU
		{FE203F90-270F-4CCE-A341-F42B2FA380C0}.Debug|Any CPU.Build.0 = Debug|Any CPU
		{FE203F90-270F-4CCE-A341-F42B2FA380C0}.Release|Any CPU.ActiveCfg = Release|Any CPU
		{FE203F90-270F-4CCE-A341-F42B2FA380C0}.Release|Any CPU.Build.0 = Release|Any CPU
		{22E8C778-1364-4D00-B085-AC8033AF4A48}.Debug|Any CPU.ActiveCfg = Debug|Any CPU
		{22E8C778-1364-4D00-B085-AC8033AF4A48}.Debug|Any CPU.Build.0 = Debug|Any CPU
		{22E8C778-1364-4D00-B085-AC8033AF4A48}.Release|Any CPU.ActiveCfg = Release|Any CPU
		{22E8C778-1364-4D00-B085-AC8033AF4A48}.Release|Any CPU.Build.0 = Release|Any CPU
		{0D514739-E78B-4C84-B7FF-2547EA2318CC}.Debug|Any CPU.ActiveCfg = Debug|Any CPU
		{0D514739-E78B-4C84-B7FF-2547EA2318CC}.Debug|Any CPU.Build.0 = Debug|Any CPU
		{0D514739-E78B-4C84-B7FF-2547EA2318CC}.Release|Any CPU.ActiveCfg = Release|Any CPU
		{0D514739-E78B-4C84-B7FF-2547EA2318CC}.Release|Any CPU.Build.0 = Release|Any CPU
		{56AD17F3-EF6E-4F6E-B73E-DDEF5F78441E}.Debug|Any CPU.ActiveCfg = Debug|Any CPU
		{56AD17F3-EF6E-4F6E-B73E-DDEF5F78441E}.Debug|Any CPU.Build.0 = Debug|Any CPU
		{56AD17F3-EF6E-4F6E-B73E-DDEF5F78441E}.Release|Any CPU.ActiveCfg = Release|Any CPU
		{56AD17F3-EF6E-4F6E-B73E-DDEF5F78441E}.Release|Any CPU.Build.0 = Release|Any CPU
		{7D7FD435-8D1B-4B1B-BFEC-69A79646A00E}.Debug|Any CPU.ActiveCfg = Debug|Any CPU
		{7D7FD435-8D1B-4B1B-BFEC-69A79646A00E}.Debug|Any CPU.Build.0 = Debug|Any CPU
		{7D7FD435-8D1B-4B1B-BFEC-69A79646A00E}.Release|Any CPU.ActiveCfg = Release|Any CPU
		{7D7FD435-8D1B-4B1B-BFEC-69A79646A00E}.Release|Any CPU.Build.0 = Release|Any CPU
		{9B40B847-9172-4BC1-9636-ECF1E7C8AEB0}.Debug|Any CPU.ActiveCfg = Debug|Any CPU
		{9B40B847-9172-4BC1-9636-ECF1E7C8AEB0}.Debug|Any CPU.Build.0 = Debug|Any CPU
		{9B40B847-9172-4BC1-9636-ECF1E7C8AEB0}.Release|Any CPU.ActiveCfg = Release|Any CPU
		{9B40B847-9172-4BC1-9636-ECF1E7C8AEB0}.Release|Any CPU.Build.0 = Release|Any CPU
		{C083702A-42ED-48C2-A5D3-0C1530B80362}.Debug|Any CPU.ActiveCfg = Debug|Any CPU
		{C083702A-42ED-48C2-A5D3-0C1530B80362}.Debug|Any CPU.Build.0 = Debug|Any CPU
		{C083702A-42ED-48C2-A5D3-0C1530B80362}.Release|Any CPU.ActiveCfg = Release|Any CPU
		{C083702A-42ED-48C2-A5D3-0C1530B80362}.Release|Any CPU.Build.0 = Release|Any CPU
		{10188674-C78E-44E7-9A14-D5AF881F54F2}.Debug|Any CPU.ActiveCfg = Debug|Any CPU
		{10188674-C78E-44E7-9A14-D5AF881F54F2}.Debug|Any CPU.Build.0 = Debug|Any CPU
		{10188674-C78E-44E7-9A14-D5AF881F54F2}.Release|Any CPU.ActiveCfg = Release|Any CPU
		{10188674-C78E-44E7-9A14-D5AF881F54F2}.Release|Any CPU.Build.0 = Release|Any CPU
		{7EACD761-7EDB-4318-938F-3F714C880B08}.Debug|Any CPU.ActiveCfg = Debug|Any CPU
		{7EACD761-7EDB-4318-938F-3F714C880B08}.Debug|Any CPU.Build.0 = Debug|Any CPU
		{7EACD761-7EDB-4318-938F-3F714C880B08}.Release|Any CPU.ActiveCfg = Release|Any CPU
		{7EACD761-7EDB-4318-938F-3F714C880B08}.Release|Any CPU.Build.0 = Release|Any CPU
		{86CA2B94-E66E-4FA9-884E-1D539510393C}.Debug|Any CPU.ActiveCfg = Debug|Any CPU
		{86CA2B94-E66E-4FA9-884E-1D539510393C}.Debug|Any CPU.Build.0 = Debug|Any CPU
		{86CA2B94-E66E-4FA9-884E-1D539510393C}.Release|Any CPU.ActiveCfg = Release|Any CPU
		{86CA2B94-E66E-4FA9-884E-1D539510393C}.Release|Any CPU.Build.0 = Release|Any CPU
		{AA7F3390-78F3-4B49-B92C-2F796F63DAAF}.Debug|Any CPU.ActiveCfg = Debug|Any CPU
		{AA7F3390-78F3-4B49-B92C-2F796F63DAAF}.Debug|Any CPU.Build.0 = Debug|Any CPU
		{AA7F3390-78F3-4B49-B92C-2F796F63DAAF}.Release|Any CPU.ActiveCfg = Release|Any CPU
		{AA7F3390-78F3-4B49-B92C-2F796F63DAAF}.Release|Any CPU.Build.0 = Release|Any CPU
		{ABE679E6-92AA-4D09-9484-6E93FDA14C96}.Debug|Any CPU.ActiveCfg = Debug|Any CPU
		{ABE679E6-92AA-4D09-9484-6E93FDA14C96}.Debug|Any CPU.Build.0 = Debug|Any CPU
		{ABE679E6-92AA-4D09-9484-6E93FDA14C96}.Release|Any CPU.ActiveCfg = Release|Any CPU
		{ABE679E6-92AA-4D09-9484-6E93FDA14C96}.Release|Any CPU.Build.0 = Release|Any CPU
		{DF5D0334-8334-4560-9805-D1B9E3703670}.Debug|Any CPU.ActiveCfg = Debug|Any CPU
		{DF5D0334-8334-4560-9805-D1B9E3703670}.Debug|Any CPU.Build.0 = Debug|Any CPU
		{DF5D0334-8334-4560-9805-D1B9E3703670}.Release|Any CPU.ActiveCfg = Release|Any CPU
		{DF5D0334-8334-4560-9805-D1B9E3703670}.Release|Any CPU.Build.0 = Release|Any CPU
		{02C20E2B-1F13-4DE9-8F05-36C4F8151EFA}.Debug|Any CPU.ActiveCfg = Debug|Any CPU
		{02C20E2B-1F13-4DE9-8F05-36C4F8151EFA}.Debug|Any CPU.Build.0 = Debug|Any CPU
		{02C20E2B-1F13-4DE9-8F05-36C4F8151EFA}.Release|Any CPU.ActiveCfg = Release|Any CPU
		{02C20E2B-1F13-4DE9-8F05-36C4F8151EFA}.Release|Any CPU.Build.0 = Release|Any CPU
		{7888AD2F-BA0B-4063-A5D4-DDF7E5A30ECE}.Debug|Any CPU.ActiveCfg = Debug|Any CPU
		{7888AD2F-BA0B-4063-A5D4-DDF7E5A30ECE}.Debug|Any CPU.Build.0 = Debug|Any CPU
		{7888AD2F-BA0B-4063-A5D4-DDF7E5A30ECE}.Release|Any CPU.ActiveCfg = Release|Any CPU
		{7888AD2F-BA0B-4063-A5D4-DDF7E5A30ECE}.Release|Any CPU.Build.0 = Release|Any CPU
		{30F07576-BB28-42BC-87CD-BAB203236333}.Debug|Any CPU.ActiveCfg = Debug|Any CPU
		{30F07576-BB28-42BC-87CD-BAB203236333}.Debug|Any CPU.Build.0 = Debug|Any CPU
		{30F07576-BB28-42BC-87CD-BAB203236333}.Release|Any CPU.ActiveCfg = Release|Any CPU
		{30F07576-BB28-42BC-87CD-BAB203236333}.Release|Any CPU.Build.0 = Release|Any CPU
		{21D9263A-DCE9-4303-9788-72449C6E5457}.Debug|Any CPU.ActiveCfg = Debug|Any CPU
		{21D9263A-DCE9-4303-9788-72449C6E5457}.Debug|Any CPU.Build.0 = Debug|Any CPU
		{21D9263A-DCE9-4303-9788-72449C6E5457}.Release|Any CPU.ActiveCfg = Release|Any CPU
		{21D9263A-DCE9-4303-9788-72449C6E5457}.Release|Any CPU.Build.0 = Release|Any CPU
		{F6E8CEAD-349F-446B-892B-3213E49F832A}.Debug|Any CPU.ActiveCfg = Debug|Any CPU
		{F6E8CEAD-349F-446B-892B-3213E49F832A}.Debug|Any CPU.Build.0 = Debug|Any CPU
		{F6E8CEAD-349F-446B-892B-3213E49F832A}.Release|Any CPU.ActiveCfg = Release|Any CPU
		{F6E8CEAD-349F-446B-892B-3213E49F832A}.Release|Any CPU.Build.0 = Release|Any CPU
		{B9280E43-8FC3-4746-A6E8-DC6E43D30617}.Debug|Any CPU.ActiveCfg = Debug|Any CPU
		{B9280E43-8FC3-4746-A6E8-DC6E43D30617}.Debug|Any CPU.Build.0 = Debug|Any CPU
		{B9280E43-8FC3-4746-A6E8-DC6E43D30617}.Release|Any CPU.ActiveCfg = Release|Any CPU
		{B9280E43-8FC3-4746-A6E8-DC6E43D30617}.Release|Any CPU.Build.0 = Release|Any CPU
		{BF9BC813-0F02-42AF-8497-53C80B47CF50}.Debug|Any CPU.ActiveCfg = Debug|Any CPU
		{BF9BC813-0F02-42AF-8497-53C80B47CF50}.Debug|Any CPU.Build.0 = Debug|Any CPU
		{BF9BC813-0F02-42AF-8497-53C80B47CF50}.Release|Any CPU.ActiveCfg = Release|Any CPU
		{BF9BC813-0F02-42AF-8497-53C80B47CF50}.Release|Any CPU.Build.0 = Release|Any CPU
		{F3341E8B-1475-4B7F-9E7F-06681B912C4F}.Debug|Any CPU.ActiveCfg = Debug|Any CPU
		{F3341E8B-1475-4B7F-9E7F-06681B912C4F}.Debug|Any CPU.Build.0 = Debug|Any CPU
		{F3341E8B-1475-4B7F-9E7F-06681B912C4F}.Release|Any CPU.ActiveCfg = Release|Any CPU
		{F3341E8B-1475-4B7F-9E7F-06681B912C4F}.Release|Any CPU.Build.0 = Release|Any CPU
		{65B7D6F8-8170-4C3D-932C-58D049048FD7}.Debug|Any CPU.ActiveCfg = Debug|Any CPU
		{65B7D6F8-8170-4C3D-932C-58D049048FD7}.Debug|Any CPU.Build.0 = Debug|Any CPU
		{65B7D6F8-8170-4C3D-932C-58D049048FD7}.Release|Any CPU.ActiveCfg = Release|Any CPU
		{65B7D6F8-8170-4C3D-932C-58D049048FD7}.Release|Any CPU.Build.0 = Release|Any CPU
		{C2994F11-1628-4988-A8CA-E01FA17FFF4C}.Debug|Any CPU.ActiveCfg = Debug|Any CPU
		{C2994F11-1628-4988-A8CA-E01FA17FFF4C}.Debug|Any CPU.Build.0 = Debug|Any CPU
		{C2994F11-1628-4988-A8CA-E01FA17FFF4C}.Release|Any CPU.ActiveCfg = Release|Any CPU
		{C2994F11-1628-4988-A8CA-E01FA17FFF4C}.Release|Any CPU.Build.0 = Release|Any CPU
	EndGlobalSection
	GlobalSection(NestedProjects) = preSolution
		{E4531F97-7BA3-4EBC-83C9-2D8C692C02CF} = {1B18AD70-29A4-4D6F-A9CC-90062090D789}
		{E590BBEB-7AB4-402A-8401-2A1C0F527501} = {1B18AD70-29A4-4D6F-A9CC-90062090D789}
		{75A7FBD8-6F36-4834-8CCE-0DD52AE4C7D1} = {838815DE-9732-41D0-A3A4-0ABC3A70F3DE}
		{E0D5A738-D39F-492F-A60D-8A1B1A368E89} = {838815DE-9732-41D0-A3A4-0ABC3A70F3DE}
		{0EAABB31-414F-4DD4-9E99-BAB410F178DA} = {038CDA51-A732-4622-9748-B8EDB65099BC}
		{8DD80077-35F9-419E-9AF4-2CF83028A7CD} = {038CDA51-A732-4622-9748-B8EDB65099BC}
		{7D4DD79A-DBF5-42E4-84D2-D52748FD4342} = {8D6A34B2-77BE-47E0-9040-D8544B5A81AB}
		{1EB2B086-AEB2-457B-A65E-DA8372C7DB2D} = {8D6A34B2-77BE-47E0-9040-D8544B5A81AB}
		{657A0F23-BFA2-4B65-81FC-AA74E4B207B3} = {48560EF8-269E-4373-9DF0-E1E68D59EB6A}
		{D101AC5C-815B-4823-821B-796A35ACCA4B} = {48560EF8-269E-4373-9DF0-E1E68D59EB6A}
		{F9027012-5B99-42BC-AAD6-A8381625F010} = {439E0B14-D1FB-42D9-8E10-0F4B5A4B7292}
		{0C04BC68-06C0-4E0F-BC7F-C257FCDBE4EA} = {439E0B14-D1FB-42D9-8E10-0F4B5A4B7292}
		{396665AA-FE14-4215-93F6-DEC0B7E2FCC9} = {AFCB24E5-F1A2-4EDA-953E-A38C8C6CA798}
		{4E1AEC3D-8103-4AC7-8F15-5CE5C9AB35F3} = {AFCB24E5-F1A2-4EDA-953E-A38C8C6CA798}
		{56D3A6AE-124A-409E-8EA9-7CAD1E597855} = {556E9823-4B83-4F3B-82A7-8C48F2B73E55}
		{6469F067-45BC-47D7-BC00-B37BBA60E725} = {556E9823-4B83-4F3B-82A7-8C48F2B73E55}
		{C4144E95-888F-4D8E-8250-9EDAB43A1E84} = {63CFFC09-7499-4B04-9DA4-7C65D707FCA1}
		{01A33078-867D-454B-9AB7-536CA313928B} = {63CFFC09-7499-4B04-9DA4-7C65D707FCA1}
		{174CDEC0-4654-4A3C-AE0E-E1203B609DE1} = {478723CD-5BF9-45B1-8544-F3A692756707}
		{6552D377-B1F4-4379-9EB3-BBEE8BC883BE} = {478723CD-5BF9-45B1-8544-F3A692756707}
		{BAADA6F9-4AFC-42FD-A93D-395C47CDDB2F} = {C93B716A-AA13-441C-8AC9-BF9B02C865A7}
		{2B888415-E61F-4FBB-9931-309471FCCBC3} = {C93B716A-AA13-441C-8AC9-BF9B02C865A7}
		{7DCA4806-93ED-48D4-863C-B87DD402BE03} = {CFFD2191-B5BD-4959-8A78-3BD60DE145B4}
		{C610749C-6F1F-4A97-B2EF-FE13F67A8748} = {CFFD2191-B5BD-4959-8A78-3BD60DE145B4}
		{A7E682D5-77A7-41D7-A7A4-82643E95BDB2} = {FC38DA67-B672-419C-9867-709026DE3308}
		{FE203F90-270F-4CCE-A341-F42B2FA380C0} = {FC38DA67-B672-419C-9867-709026DE3308}
		{22E8C778-1364-4D00-B085-AC8033AF4A48} = {98920142-86E4-442F-B51B-38F5F38F7956}
		{0D514739-E78B-4C84-B7FF-2547EA2318CC} = {98920142-86E4-442F-B51B-38F5F38F7956}
		{56AD17F3-EF6E-4F6E-B73E-DDEF5F78441E} = {7FD0D783-4D77-4205-BEE3-CA370D516C1C}
		{7D7FD435-8D1B-4B1B-BFEC-69A79646A00E} = {7FD0D783-4D77-4205-BEE3-CA370D516C1C}
		{9B40B847-9172-4BC1-9636-ECF1E7C8AEB0} = {06B73AD8-6A03-47D6-B021-FEE2A83344AF}
		{C083702A-42ED-48C2-A5D3-0C1530B80362} = {06B73AD8-6A03-47D6-B021-FEE2A83344AF}
		{10188674-C78E-44E7-9A14-D5AF881F54F2} = {0A60269E-F649-4532-8F1C-DFD85E6C2531}
		{7EACD761-7EDB-4318-938F-3F714C880B08} = {0A60269E-F649-4532-8F1C-DFD85E6C2531}
		{86CA2B94-E66E-4FA9-884E-1D539510393C} = {3A708D41-465B-420C-B720-DA0F10E7B42D}
		{AA7F3390-78F3-4B49-B92C-2F796F63DAAF} = {3A708D41-465B-420C-B720-DA0F10E7B42D}
		{ABE679E6-92AA-4D09-9484-6E93FDA14C96} = {D18F680B-ED25-44AA-9100-9203E12A9E6F}
		{DF5D0334-8334-4560-9805-D1B9E3703670} = {D18F680B-ED25-44AA-9100-9203E12A9E6F}
		{02C20E2B-1F13-4DE9-8F05-36C4F8151EFA} = {29708795-BB67-4DAD-8EFF-F4286B20F249}
		{7888AD2F-BA0B-4063-A5D4-DDF7E5A30ECE} = {29708795-BB67-4DAD-8EFF-F4286B20F249}
		{30F07576-BB28-42BC-87CD-BAB203236333} = {944987BC-784C-425D-9C5E-1F006577D769}
		{21D9263A-DCE9-4303-9788-72449C6E5457} = {944987BC-784C-425D-9C5E-1F006577D769}
		{F6E8CEAD-349F-446B-892B-3213E49F832A} = {C0CDF060-AEFF-4410-8F39-AD7AD21CB79E}
		{B9280E43-8FC3-4746-A6E8-DC6E43D30617} = {C0CDF060-AEFF-4410-8F39-AD7AD21CB79E}
		{BF9BC813-0F02-42AF-8497-53C80B47CF50} = {4722E480-A551-4FB8-AF1F-536DE37A640A}
		{F3341E8B-1475-4B7F-9E7F-06681B912C4F} = {4722E480-A551-4FB8-AF1F-536DE37A640A}
		{65B7D6F8-8170-4C3D-932C-58D049048FD7} = {31D9F6BC-097A-4F5D-8DA0-60F06A242102}
		{C2994F11-1628-4988-A8CA-E01FA17FFF4C} = {31D9F6BC-097A-4F5D-8DA0-60F06A242102}
	EndGlobalSection
EndGlobal
