
Microsoft Visual Studio Solution File, Format Version 12.00
Project("{2150E333-8FDC-42A3-9474-1A3956D46DE8}") = "Day 4 - Identify the behavior under test and rewrite the tests", "Day 4 - Identify the behavior under test and rewrite the tests", "{10BCF13E-C7CA-4A89-86CD-0E8047139AA8}"
EndProject
Project("{FAE04EC0-301F-11D3-BF4B-00C04F79EFBC}") = "Day04", "Day04\Day04\Day04.csproj", "{C9D0BF2C-224C-4030-90DD-4ECA2D1D3833}"
EndProject
Project("{FAE04EC0-301F-11D3-BF4B-00C04F79EFBC}") = "Day04.Tests", "Day04\Day04.Tests\Day04.Tests.csproj", "{6E908535-E191-4228-8A9C-E7A06DFD2E11}"
EndProject
Project("{2150E333-8FDC-42A3-9474-1A3956D46DE8}") = "Day 6 - Parameterize your tests", "Day 6 - Parameterize your tests", "{B4B695B1-9429-4137-8211-691FE187A916}"
EndProject
Project("{FAE04EC0-301F-11D3-BF4B-00C04F79EFBC}") = "Day06", "Day06\Day06\Day06.csproj", "{71D47553-F3ED-4F49-BA2E-FAA5F73EFEFC}"
EndProject
Project("{FAE04EC0-301F-11D3-BF4B-00C04F79EFBC}") = "Day06.Tests", "Day06\Day06.Tests\Day06.Tests.csproj", "{5AED5510-8489-4E06-9546-03F904741BE4}"
EndProject
Project("{2150E333-8FDC-42A3-9474-1A3956D46DE8}") = "Day 13 - Find a way to eliminate the irrelevant and amplify the essentials of those tests", "Day 13 - Find a way to eliminate the irrelevant and amplify the essentials of those tests", "{3CFC8F6C-2B2A-4FE5-BC2B-DDF3E2AE0B4C}"
EndProject
Project("{FAE04EC0-301F-11D3-BF4B-00C04F79EFBC}") = "Day13", "Day13\Day13\Day13.csproj", "{A79DF0E5-043A-4848-AE8D-A94D66E34156}"
EndProject
Project("{FAE04EC0-301F-11D3-BF4B-00C04F79EFBC}") = "Day13.Tests", "Day13\Day13.Tests\Day13.Tests.csproj", "{A3400B5F-F984-41BF-8EA7-D9266E102B0A}"
EndProject
Project("{2150E333-8FDC-42A3-9474-1A3956D46DE8}") = "Day 15 - Put a code under tests", "Day 15 - Put a code under tests", "{24662303-5A3F-4356-A8AF-A5E2E866A7E8}"
EndProject
Project("{FAE04EC0-301F-11D3-BF4B-00C04F79EFBC}") = "Day15", "Day15\Day15\Day15.csproj", "{36316272-5E4D-4326-BD3E-3AFA5C221C99}"
EndProject
Project("{FAE04EC0-301F-11D3-BF4B-00C04F79EFBC}") = "Day15.Tests", "Day15\Day15.Tests\Day15.Tests.csproj", "{534D7E0A-9571-42BD-895F-73D9478A7156}"
EndProject
Project("{2150E333-8FDC-42A3-9474-1A3956D46DE8}") = "Day 17 - Design one test that has the impact of thousands", "Day 17 - Design one test that has the impact of thousands", "{17352B10-55B2-4E4C-980C-29C1ED192B40}"
EndProject
Project("{FAE04EC0-301F-11D3-BF4B-00C04F79EFBC}") = "Day17", "Day17\Day17\Day17.csproj", "{EF583C28-D8A4-416E-A311-0C570286D686}"
EndProject
Project("{FAE04EC0-301F-11D3-BF4B-00C04F79EFBC}") = "Day17.Tests", "Day17\Day17.Tests\Day17.Tests.csproj", "{478BFE02-2699-4150-B31F-407C7DDE1BB1}"
EndProject
Project("{2150E333-8FDC-42A3-9474-1A3956D46DE8}") = "Day 21 - Refactor the tests and production code to Output-Based tests ", "Day 21 - Refactor the tests and production code to Output-Based tests ", "{9644433D-8B7D-4C24-A642-13C500107FBF}"
EndProject
Project("{FAE04EC0-301F-11D3-BF4B-00C04F79EFBC}") = "Day21", "Day21\Day21\Day21.csproj", "{651BEFA9-E0C9-4C27-BC37-D679B2FDD95C}"
EndProject
Project("{FAE04EC0-301F-11D3-BF4B-00C04F79EFBC}") = "Day21.Tests", "Day21\Day21.Tests\Day21.Tests.csproj", "{57F7115A-2E0F-47DE-A0B2-DD043E929B47}"
EndProject
Project("{2150E333-8FDC-42A3-9474-1A3956D46DE8}") = "Day 23 - Refactor the code after putting it under test", "Day 23 - Refactor the code after putting it under test", "{E6945681-959A-4F52-B533-15E6130B6193}"
EndProject
Project("{FAE04EC0-301F-11D3-BF4B-00C04F79EFBC}") = "Day23", "Day23\Day23\Day23.csproj", "{5FB3E705-A670-48F3-95BD-06309D9C145A}"
EndProject
Project("{FAE04EC0-301F-11D3-BF4B-00C04F79EFBC}") = "Day23.Tests", "Day23\Day23.Tests\Day23.Tests.csproj", "{D461192A-11BF-40B6-8BA8-AED8B49C8C68}"
EndProject
Global
	GlobalSection(SolutionConfigurationPlatforms) = preSolution
		Debug|Any CPU = Debug|Any CPU
		Release|Any CPU = Release|Any CPU
	EndGlobalSection
	GlobalSection(ProjectConfigurationPlatforms) = postSolution
		{C9D0BF2C-224C-4030-90DD-4ECA2D1D3833}.Debug|Any CPU.ActiveCfg = Debug|Any CPU
		{C9D0BF2C-224C-4030-90DD-4ECA2D1D3833}.Debug|Any CPU.Build.0 = Debug|Any CPU
		{C9D0BF2C-224C-4030-90DD-4ECA2D1D3833}.Release|Any CPU.ActiveCfg = Release|Any CPU
		{C9D0BF2C-224C-4030-90DD-4ECA2D1D3833}.Release|Any CPU.Build.0 = Release|Any CPU
		{6E908535-E191-4228-8A9C-E7A06DFD2E11}.Debug|Any CPU.ActiveCfg = Debug|Any CPU
		{6E908535-E191-4228-8A9C-E7A06DFD2E11}.Debug|Any CPU.Build.0 = Debug|Any CPU
		{6E908535-E191-4228-8A9C-E7A06DFD2E11}.Release|Any CPU.ActiveCfg = Release|Any CPU
		{6E908535-E191-4228-8A9C-E7A06DFD2E11}.Release|Any CPU.Build.0 = Release|Any CPU
		{71D47553-F3ED-4F49-BA2E-FAA5F73EFEFC}.Debug|Any CPU.ActiveCfg = Debug|Any CPU
		{71D47553-F3ED-4F49-BA2E-FAA5F73EFEFC}.Debug|Any CPU.Build.0 = Debug|Any CPU
		{71D47553-F3ED-4F49-BA2E-FAA5F73EFEFC}.Release|Any CPU.ActiveCfg = Release|Any CPU
		{71D47553-F3ED-4F49-BA2E-FAA5F73EFEFC}.Release|Any CPU.Build.0 = Release|Any CPU
		{5AED5510-8489-4E06-9546-03F904741BE4}.Debug|Any CPU.ActiveCfg = Debug|Any CPU
		{5AED5510-8489-4E06-9546-03F904741BE4}.Debug|Any CPU.Build.0 = Debug|Any CPU
		{5AED5510-8489-4E06-9546-03F904741BE4}.Release|Any CPU.ActiveCfg = Release|Any CPU
		{5AED5510-8489-4E06-9546-03F904741BE4}.Release|Any CPU.Build.0 = Release|Any CPU
		{A79DF0E5-043A-4848-AE8D-A94D66E34156}.Debug|Any CPU.ActiveCfg = Debug|Any CPU
		{A79DF0E5-043A-4848-AE8D-A94D66E34156}.Debug|Any CPU.Build.0 = Debug|Any CPU
		{A79DF0E5-043A-4848-AE8D-A94D66E34156}.Release|Any CPU.ActiveCfg = Release|Any CPU
		{A79DF0E5-043A-4848-AE8D-A94D66E34156}.Release|Any CPU.Build.0 = Release|Any CPU
		{A3400B5F-F984-41BF-8EA7-D9266E102B0A}.Debug|Any CPU.ActiveCfg = Debug|Any CPU
		{A3400B5F-F984-41BF-8EA7-D9266E102B0A}.Debug|Any CPU.Build.0 = Debug|Any CPU
		{A3400B5F-F984-41BF-8EA7-D9266E102B0A}.Release|Any CPU.ActiveCfg = Release|Any CPU
		{A3400B5F-F984-41BF-8EA7-D9266E102B0A}.Release|Any CPU.Build.0 = Release|Any CPU
		{36316272-5E4D-4326-BD3E-3AFA5C221C99}.Debug|Any CPU.ActiveCfg = Debug|Any CPU
		{36316272-5E4D-4326-BD3E-3AFA5C221C99}.Debug|Any CPU.Build.0 = Debug|Any CPU
		{36316272-5E4D-4326-BD3E-3AFA5C221C99}.Release|Any CPU.ActiveCfg = Release|Any CPU
		{36316272-5E4D-4326-BD3E-3AFA5C221C99}.Release|Any CPU.Build.0 = Release|Any CPU
		{534D7E0A-9571-42BD-895F-73D9478A7156}.Debug|Any CPU.ActiveCfg = Debug|Any CPU
		{534D7E0A-9571-42BD-895F-73D9478A7156}.Debug|Any CPU.Build.0 = Debug|Any CPU
		{534D7E0A-9571-42BD-895F-73D9478A7156}.Release|Any CPU.ActiveCfg = Release|Any CPU
		{534D7E0A-9571-42BD-895F-73D9478A7156}.Release|Any CPU.Build.0 = Release|Any CPU
		{EF583C28-D8A4-416E-A311-0C570286D686}.Debug|Any CPU.ActiveCfg = Debug|Any CPU
		{EF583C28-D8A4-416E-A311-0C570286D686}.Debug|Any CPU.Build.0 = Debug|Any CPU
		{EF583C28-D8A4-416E-A311-0C570286D686}.Release|Any CPU.ActiveCfg = Release|Any CPU
		{EF583C28-D8A4-416E-A311-0C570286D686}.Release|Any CPU.Build.0 = Release|Any CPU
		{478BFE02-2699-4150-B31F-407C7DDE1BB1}.Debug|Any CPU.ActiveCfg = Debug|Any CPU
		{478BFE02-2699-4150-B31F-407C7DDE1BB1}.Debug|Any CPU.Build.0 = Debug|Any CPU
		{478BFE02-2699-4150-B31F-407C7DDE1BB1}.Release|Any CPU.ActiveCfg = Release|Any CPU
		{478BFE02-2699-4150-B31F-407C7DDE1BB1}.Release|Any CPU.Build.0 = Release|Any CPU
		{651BEFA9-E0C9-4C27-BC37-D679B2FDD95C}.Debug|Any CPU.ActiveCfg = Debug|Any CPU
		{651BEFA9-E0C9-4C27-BC37-D679B2FDD95C}.Debug|Any CPU.Build.0 = Debug|Any CPU
		{651BEFA9-E0C9-4C27-BC37-D679B2FDD95C}.Release|Any CPU.ActiveCfg = Release|Any CPU
		{651BEFA9-E0C9-4C27-BC37-D679B2FDD95C}.Release|Any CPU.Build.0 = Release|Any CPU
		{57F7115A-2E0F-47DE-A0B2-DD043E929B47}.Debug|Any CPU.ActiveCfg = Debug|Any CPU
		{57F7115A-2E0F-47DE-A0B2-DD043E929B47}.Debug|Any CPU.Build.0 = Debug|Any CPU
		{57F7115A-2E0F-47DE-A0B2-DD043E929B47}.Release|Any CPU.ActiveCfg = Release|Any CPU
		{57F7115A-2E0F-47DE-A0B2-DD043E929B47}.Release|Any CPU.Build.0 = Release|Any CPU
		{5FB3E705-A670-48F3-95BD-06309D9C145A}.Debug|Any CPU.ActiveCfg = Debug|Any CPU
		{5FB3E705-A670-48F3-95BD-06309D9C145A}.Debug|Any CPU.Build.0 = Debug|Any CPU
		{5FB3E705-A670-48F3-95BD-06309D9C145A}.Release|Any CPU.ActiveCfg = Release|Any CPU
		{5FB3E705-A670-48F3-95BD-06309D9C145A}.Release|Any CPU.Build.0 = Release|Any CPU
		{D461192A-11BF-40B6-8BA8-AED8B49C8C68}.Debug|Any CPU.ActiveCfg = Debug|Any CPU
		{D461192A-11BF-40B6-8BA8-AED8B49C8C68}.Debug|Any CPU.Build.0 = Debug|Any CPU
		{D461192A-11BF-40B6-8BA8-AED8B49C8C68}.Release|Any CPU.ActiveCfg = Release|Any CPU
		{D461192A-11BF-40B6-8BA8-AED8B49C8C68}.Release|Any CPU.Build.0 = Release|Any CPU
	EndGlobalSection
	GlobalSection(NestedProjects) = preSolution
		{C9D0BF2C-224C-4030-90DD-4ECA2D1D3833} = {10BCF13E-C7CA-4A89-86CD-0E8047139AA8}
		{6E908535-E191-4228-8A9C-E7A06DFD2E11} = {10BCF13E-C7CA-4A89-86CD-0E8047139AA8}
		{71D47553-F3ED-4F49-BA2E-FAA5F73EFEFC} = {B4B695B1-9429-4137-8211-691FE187A916}
		{5AED5510-8489-4E06-9546-03F904741BE4} = {B4B695B1-9429-4137-8211-691FE187A916}
		{A79DF0E5-043A-4848-AE8D-A94D66E34156} = {3CFC8F6C-2B2A-4FE5-BC2B-DDF3E2AE0B4C}
		{A3400B5F-F984-41BF-8EA7-D9266E102B0A} = {3CFC8F6C-2B2A-4FE5-BC2B-DDF3E2AE0B4C}
		{36316272-5E4D-4326-BD3E-3AFA5C221C99} = {24662303-5A3F-4356-A8AF-A5E2E866A7E8}
		{534D7E0A-9571-42BD-895F-73D9478A7156} = {24662303-5A3F-4356-A8AF-A5E2E866A7E8}
		{EF583C28-D8A4-416E-A311-0C570286D686} = {17352B10-55B2-4E4C-980C-29C1ED192B40}
		{478BFE02-2699-4150-B31F-407C7DDE1BB1} = {17352B10-55B2-4E4C-980C-29C1ED192B40}
		{651BEFA9-E0C9-4C27-BC37-D679B2FDD95C} = {9644433D-8B7D-4C24-A642-13C500107FBF}
		{57F7115A-2E0F-47DE-A0B2-DD043E929B47} = {9644433D-8B7D-4C24-A642-13C500107FBF}
		{5FB3E705-A670-48F3-95BD-06309D9C145A} = {E6945681-959A-4F52-B533-15E6130B6193}
		{D461192A-11BF-40B6-8BA8-AED8B49C8C68} = {E6945681-959A-4F52-B533-15E6130B6193}
	EndGlobalSection
EndGlobal
