
Microsoft Visual Studio Solution File, Format Version 12.00
Project("{2150E333-8FDC-42A3-9474-1A3956D46DE8}") = "Day 1 - Make your production code easier to understand", "Day 1 - Make your production code easier to understand", "{1B18AD70-29A4-4D6F-A9CC-90062090D789}"
EndProject
Project("{FAE04EC0-301F-11D3-BF4B-00C04F79EFBC}") = "Day01.Tests", "Day01\Day01.Tests\Day01.Tests.csproj", "{E4531F97-7BA3-4EBC-83C9-2D8C692C02CF}"
EndProject
Project("{FAE04EC0-301F-11D3-BF4B-00C04F79EFBC}") = "Day01", "Day01\Day01\Day01.csproj", "{E590BBEB-7AB4-402A-8401-2A1C0F527501}"
EndProject
Project("{2150E333-8FDC-42A3-9474-1A3956D46DE8}") = "Day 2 - One level of indentation", "Day 2 - One level of indentation", "{6D089E60-B349-468E-BC1D-3DC4DC7D6C51}"
EndProject
Project("{FAE04EC0-301F-11D3-BF4B-00C04F79EFBC}") = "Day02.Tests", "Day02\Day02.Tests\Day02.Tests.csproj", "{F812DB10-5139-4153-8EBD-65E6D9620045}"
EndProject
Project("{FAE04EC0-301F-11D3-BF4B-00C04F79EFBC}") = "Day02", "Day02\Day02\Day02.csproj", "{67696132-26E4-4883-87BF-60D5705E61D4}"
EndProject
Project("{2150E333-8FDC-42A3-9474-1A3956D46DE8}") = "Day 3 - One dot per line", "Day 3 - One dot per line", "{D17C0749-D555-465F-A07A-826AE7BD025E}"
EndProject
Project("{FAE04EC0-301F-11D3-BF4B-00C04F79EFBC}") = "Day03", "Day03\Day03\Day03.csproj", "{42078835-3737-4A25-9593-ED589BF80C54}"
EndProject
Project("{FAE04EC0-301F-11D3-BF4B-00C04F79EFBC}") = "Day03.Tests", "Day03\Day03.Tests\Day03.Tests.csproj", "{C0386FEA-4627-4958-BCA8-62556E25859D}"
EndProject
Project("{2150E333-8FDC-42A3-9474-1A3956D46DE8}") = "Day 7 - Simplify the run method by extracting the right behavior", "Day 7 - Simplify the run method by extracting the right behavior", "{23CC6A12-0FD6-429F-AE41-7F74C443B0AB}"
EndProject
Project("{FAE04EC0-301F-11D3-BF4B-00C04F79EFBC}") = "Day07", "Day07\Day07\Day07.csproj", "{E273A593-626C-4EC4-9708-50A733008690}"
EndProject
Project("{FAE04EC0-301F-11D3-BF4B-00C04F79EFBC}") = "Day07.Tests", "Day07\Day07.Tests\Day07.Tests.csproj", "{1F07D5D3-6FCE-4D9D-9054-E12DF63A452A}"
EndProject
Project("{2150E333-8FDC-42A3-9474-1A3956D46DE8}") = "Day 23 - Refactor the code after putting it under test", "Day 23 - Refactor the code after putting it under test", "{E6945681-959A-4F52-B533-15E6130B6193}"
EndProject
Project("{FAE04EC0-301F-11D3-BF4B-00C04F79EFBC}") = "Day23", "Day23\Day23\Day23.csproj", "{5FB3E705-A670-48F3-95BD-06309D9C145A}"
EndProject
Project("{FAE04EC0-301F-11D3-BF4B-00C04F79EFBC}") = "Day23.Tests", "Day23\Day23.Tests\Day23.Tests.csproj", "{D461192A-11BF-40B6-8BA8-AED8B49C8C68}"
EndProject
Project("{2150E333-8FDC-42A3-9474-1A3956D46DE8}") = "Day 24 - Write the most complicated code you can", "Day 24 - Write the most complicated code you can", "{1103D026-04AE-4E6E-815D-6BAC21DFEA32}"
EndProject
Project("{FAE04EC0-301F-11D3-BF4B-00C04F79EFBC}") = "Day24", "Day24\Day24\Day24.csproj", "{6030D8E5-29D6-4986-BC81-FD3A065E03F9}"
EndProject
Project("{FAE04EC0-301F-11D3-BF4B-00C04F79EFBC}") = "Day24.Tests", "Day24\Day24.Tests\Day24.Tests.csproj", "{1927374A-387D-48A0-B5C1-162BFBD31BBC}"
EndProject
Global
	GlobalSection(SolutionConfigurationPlatforms) = preSolution
		Debug|Any CPU = Debug|Any CPU
		Release|Any CPU = Release|Any CPU
	EndGlobalSection
	GlobalSection(ProjectConfigurationPlatforms) = postSolution
		{E4531F97-7BA3-4EBC-83C9-2D8C692C02CF}.Debug|Any CPU.ActiveCfg = Debug|Any CPU
		{E4531F97-7BA3-4EBC-83C9-2D8C692C02CF}.Debug|Any CPU.Build.0 = Debug|Any CPU
		{E4531F97-7BA3-4EBC-83C9-2D8C692C02CF}.Release|Any CPU.ActiveCfg = Release|Any CPU
		{E4531F97-7BA3-4EBC-83C9-2D8C692C02CF}.Release|Any CPU.Build.0 = Release|Any CPU
		{E590BBEB-7AB4-402A-8401-2A1C0F527501}.Debug|Any CPU.ActiveCfg = Debug|Any CPU
		{E590BBEB-7AB4-402A-8401-2A1C0F527501}.Debug|Any CPU.Build.0 = Debug|Any CPU
		{E590BBEB-7AB4-402A-8401-2A1C0F527501}.Release|Any CPU.ActiveCfg = Release|Any CPU
		{E590BBEB-7AB4-402A-8401-2A1C0F527501}.Release|Any CPU.Build.0 = Release|Any CPU
		{F812DB10-5139-4153-8EBD-65E6D9620045}.Debug|Any CPU.ActiveCfg = Debug|Any CPU
		{F812DB10-5139-4153-8EBD-65E6D9620045}.Debug|Any CPU.Build.0 = Debug|Any CPU
		{F812DB10-5139-4153-8EBD-65E6D9620045}.Release|Any CPU.ActiveCfg = Release|Any CPU
		{F812DB10-5139-4153-8EBD-65E6D9620045}.Release|Any CPU.Build.0 = Release|Any CPU
		{67696132-26E4-4883-87BF-60D5705E61D4}.Debug|Any CPU.ActiveCfg = Debug|Any CPU
		{67696132-26E4-4883-87BF-60D5705E61D4}.Debug|Any CPU.Build.0 = Debug|Any CPU
		{67696132-26E4-4883-87BF-60D5705E61D4}.Release|Any CPU.ActiveCfg = Release|Any CPU
		{67696132-26E4-4883-87BF-60D5705E61D4}.Release|Any CPU.Build.0 = Release|Any CPU
		{42078835-3737-4A25-9593-ED589BF80C54}.Debug|Any CPU.ActiveCfg = Debug|Any CPU
		{42078835-3737-4A25-9593-ED589BF80C54}.Debug|Any CPU.Build.0 = Debug|Any CPU
		{42078835-3737-4A25-9593-ED589BF80C54}.Release|Any CPU.ActiveCfg = Release|Any CPU
		{42078835-3737-4A25-9593-ED589BF80C54}.Release|Any CPU.Build.0 = Release|Any CPU
		{C0386FEA-4627-4958-BCA8-62556E25859D}.Debug|Any CPU.ActiveCfg = Debug|Any CPU
		{C0386FEA-4627-4958-BCA8-62556E25859D}.Debug|Any CPU.Build.0 = Debug|Any CPU
		{C0386FEA-4627-4958-BCA8-62556E25859D}.Release|Any CPU.ActiveCfg = Release|Any CPU
		{C0386FEA-4627-4958-BCA8-62556E25859D}.Release|Any CPU.Build.0 = Release|Any CPU
		{E273A593-626C-4EC4-9708-50A733008690}.Debug|Any CPU.ActiveCfg = Debug|Any CPU
		{E273A593-626C-4EC4-9708-50A733008690}.Debug|Any CPU.Build.0 = Debug|Any CPU
		{E273A593-626C-4EC4-9708-50A733008690}.Release|Any CPU.ActiveCfg = Release|Any CPU
		{E273A593-626C-4EC4-9708-50A733008690}.Release|Any CPU.Build.0 = Release|Any CPU
		{1F07D5D3-6FCE-4D9D-9054-E12DF63A452A}.Debug|Any CPU.ActiveCfg = Debug|Any CPU
		{1F07D5D3-6FCE-4D9D-9054-E12DF63A452A}.Debug|Any CPU.Build.0 = Debug|Any CPU
		{1F07D5D3-6FCE-4D9D-9054-E12DF63A452A}.Release|Any CPU.ActiveCfg = Release|Any CPU
		{1F07D5D3-6FCE-4D9D-9054-E12DF63A452A}.Release|Any CPU.Build.0 = Release|Any CPU
		{5FB3E705-A670-48F3-95BD-06309D9C145A}.Debug|Any CPU.ActiveCfg = Debug|Any CPU
		{5FB3E705-A670-48F3-95BD-06309D9C145A}.Debug|Any CPU.Build.0 = Debug|Any CPU
		{5FB3E705-A670-48F3-95BD-06309D9C145A}.Release|Any CPU.ActiveCfg = Release|Any CPU
		{5FB3E705-A670-48F3-95BD-06309D9C145A}.Release|Any CPU.Build.0 = Release|Any CPU
		{D461192A-11BF-40B6-8BA8-AED8B49C8C68}.Debug|Any CPU.ActiveCfg = Debug|Any CPU
		{D461192A-11BF-40B6-8BA8-AED8B49C8C68}.Debug|Any CPU.Build.0 = Debug|Any CPU
		{D461192A-11BF-40B6-8BA8-AED8B49C8C68}.Release|Any CPU.ActiveCfg = Release|Any CPU
		{D461192A-11BF-40B6-8BA8-AED8B49C8C68}.Release|Any CPU.Build.0 = Release|Any CPU
		{6030D8E5-29D6-4986-BC81-FD3A065E03F9}.Debug|Any CPU.ActiveCfg = Debug|Any CPU
		{6030D8E5-29D6-4986-BC81-FD3A065E03F9}.Debug|Any CPU.Build.0 = Debug|Any CPU
		{6030D8E5-29D6-4986-BC81-FD3A065E03F9}.Release|Any CPU.ActiveCfg = Release|Any CPU
		{6030D8E5-29D6-4986-BC81-FD3A065E03F9}.Release|Any CPU.Build.0 = Release|Any CPU
		{1927374A-387D-48A0-B5C1-162BFBD31BBC}.Debug|Any CPU.ActiveCfg = Debug|Any CPU
		{1927374A-387D-48A0-B5C1-162BFBD31BBC}.Debug|Any CPU.Build.0 = Debug|Any CPU
		{1927374A-387D-48A0-B5C1-162BFBD31BBC}.Release|Any CPU.ActiveCfg = Release|Any CPU
		{1927374A-387D-48A0-B5C1-162BFBD31BBC}.Release|Any CPU.Build.0 = Release|Any CPU
	EndGlobalSection
	GlobalSection(NestedProjects) = preSolution
		{E4531F97-7BA3-4EBC-83C9-2D8C692C02CF} = {1B18AD70-29A4-4D6F-A9CC-90062090D789}
		{E590BBEB-7AB4-402A-8401-2A1C0F527501} = {1B18AD70-29A4-4D6F-A9CC-90062090D789}
		{F812DB10-5139-4153-8EBD-65E6D9620045} = {6D089E60-B349-468E-BC1D-3DC4DC7D6C51}
		{67696132-26E4-4883-87BF-60D5705E61D4} = {6D089E60-B349-468E-BC1D-3DC4DC7D6C51}
		{42078835-3737-4A25-9593-ED589BF80C54} = {D17C0749-D555-465F-A07A-826AE7BD025E}
		{C0386FEA-4627-4958-BCA8-62556E25859D} = {D17C0749-D555-465F-A07A-826AE7BD025E}
		{E273A593-626C-4EC4-9708-50A733008690} = {23CC6A12-0FD6-429F-AE41-7F74C443B0AB}
		{1F07D5D3-6FCE-4D9D-9054-E12DF63A452A} = {23CC6A12-0FD6-429F-AE41-7F74C443B0AB}
		{5FB3E705-A670-48F3-95BD-06309D9C145A} = {E6945681-959A-4F52-B533-15E6130B6193}
		{D461192A-11BF-40B6-8BA8-AED8B49C8C68} = {E6945681-959A-4F52-B533-15E6130B6193}
		{6030D8E5-29D6-4986-BC81-FD3A065E03F9} = {1103D026-04AE-4E6E-815D-6BAC21DFEA32}
		{1927374A-387D-48A0-B5C1-162BFBD31BBC} = {1103D026-04AE-4E6E-815D-6BAC21DFEA32}
	EndGlobalSection
EndGlobal
