
Microsoft Visual Studio Solution File, Format Version 12.00
Project("{2150E333-8FDC-42A3-9474-1A3956D46DE8}") = "Day 9 - Fix the code", "Day 9 - Fix the code", "{F9C6D3A8-6178-4AD7-888D-9281C7E5CD6F}"
EndProject
Project("{FAE04EC0-301F-11D3-BF4B-00C04F79EFBC}") = "Day09", "Day09\Day09\Day09.csproj", "{BC5F2985-2BE0-4652-87DD-F3EEB998768B}"
EndProject
Project("{FAE04EC0-301F-11D3-BF4B-00C04F79EFBC}") = "Day09.Tests", "Day09\Day09.Tests\Day09.Tests.csproj", "{37EFA90F-E88A-41E3-BD14-F1E94972CF86}"
EndProject
Project("{2150E333-8FDC-42A3-9474-1A3956D46DE8}") = "Day 11 - Gather a dependency freshness metric", "Day 11 - Gather a dependency freshness metric", "{5731AE6D-76BF-48D1-9B19-4DF9E56D4BD1}"
EndProject
Project("{FAE04EC0-301F-11D3-BF4B-00C04F79EFBC}") = "Day11", "Day11\Day11\Day11.csproj", "{8F81B45C-9BBF-4B84-8394-CF809539C632}"
EndProject
Project("{FAE04EC0-301F-11D3-BF4B-00C04F79EFBC}") = "Day11.Tests", "Day11\Day11.Tests\Day11.Tests.csproj", "{6CA9F7F3-9B38-4971-AD52-B7601C4FA808}"
EndProject
Project("{2150E333-8FDC-42A3-9474-1A3956D46DE8}") = "Day 12 - Make your code open for extension", "Day 12 - Make your code open for extension", "{61F6F0AE-8D1E-479E-A878-A0A337EE8E92}"
EndProject
Project("{FAE04EC0-301F-11D3-BF4B-00C04F79EFBC}") = "Day12", "Day12\Day12\Day12.csproj", "{80DF89DB-365A-4DF2-9A6D-DD852CA5F1BF}"
EndProject
Project("{FAE04EC0-301F-11D3-BF4B-00C04F79EFBC}") = "Day12.Tests", "Day12\Day12.Tests\Day12.Tests.csproj", "{3F424E11-0027-4C49-8868-D7F6018FED21}"
EndProject
Project("{2150E333-8FDC-42A3-9474-1A3956D46DE8}") = "Day 18 - Automatically detect Linguistic Anti-Patterns", "Day 18 - Automatically detect Linguistic Anti-Patterns", "{1E6BFC0D-0B6A-4419-B55C-E52035225B66}"
EndProject
Project("{FAE04EC0-301F-11D3-BF4B-00C04F79EFBC}") = "Day18", "Day18\Day18\Day18.csproj", "{98920AED-928E-49AA-AEE3-CA64DB29AEA7}"
EndProject
Project("{FAE04EC0-301F-11D3-BF4B-00C04F79EFBC}") = "Day18.Tests", "Day18\Day18.Tests\Day18.Tests.csproj", "{623BC3DF-0C4E-464F-ADBA-DCA5212C4306}"
EndProject
Project("{2150E333-8FDC-42A3-9474-1A3956D46DE8}") = "Day 20 - No more exceptions in our domain", "Day 20 - No more exceptions in our domain", "{E90B121F-C580-4C0E-9958-367EB5EA9706}"
EndProject
Project("{FAE04EC0-301F-11D3-BF4B-00C04F79EFBC}") = "Day20", "Day20\Day20\Day20.csproj", "{9C4F52C8-39DC-48B2-B4D9-5B4E12B7E904}"
EndProject
Project("{FAE04EC0-301F-11D3-BF4B-00C04F79EFBC}") = "Day20.Tests", "Day20\Day20.Tests\Day20.Tests.csproj", "{6F3C5CD2-6D5F-4B8E-8227-D1BCC82B2A95}"
EndProject
Global
	GlobalSection(SolutionConfigurationPlatforms) = preSolution
		Debug|Any CPU = Debug|Any CPU
		Release|Any CPU = Release|Any CPU
	EndGlobalSection
	GlobalSection(ProjectConfigurationPlatforms) = postSolution
		{BC5F2985-2BE0-4652-87DD-F3EEB998768B}.Debug|Any CPU.ActiveCfg = Debug|Any CPU
		{BC5F2985-2BE0-4652-87DD-F3EEB998768B}.Debug|Any CPU.Build.0 = Debug|Any CPU
		{BC5F2985-2BE0-4652-87DD-F3EEB998768B}.Release|Any CPU.ActiveCfg = Release|Any CPU
		{BC5F2985-2BE0-4652-87DD-F3EEB998768B}.Release|Any CPU.Build.0 = Release|Any CPU
		{37EFA90F-E88A-41E3-BD14-F1E94972CF86}.Debug|Any CPU.ActiveCfg = Debug|Any CPU
		{37EFA90F-E88A-41E3-BD14-F1E94972CF86}.Debug|Any CPU.Build.0 = Debug|Any CPU
		{37EFA90F-E88A-41E3-BD14-F1E94972CF86}.Release|Any CPU.ActiveCfg = Release|Any CPU
		{37EFA90F-E88A-41E3-BD14-F1E94972CF86}.Release|Any CPU.Build.0 = Release|Any CPU
		{8F81B45C-9BBF-4B84-8394-CF809539C632}.Debug|Any CPU.ActiveCfg = Debug|Any CPU
		{8F81B45C-9BBF-4B84-8394-CF809539C632}.Debug|Any CPU.Build.0 = Debug|Any CPU
		{8F81B45C-9BBF-4B84-8394-CF809539C632}.Release|Any CPU.ActiveCfg = Release|Any CPU
		{8F81B45C-9BBF-4B84-8394-CF809539C632}.Release|Any CPU.Build.0 = Release|Any CPU
		{6CA9F7F3-9B38-4971-AD52-B7601C4FA808}.Debug|Any CPU.ActiveCfg = Debug|Any CPU
		{6CA9F7F3-9B38-4971-AD52-B7601C4FA808}.Debug|Any CPU.Build.0 = Debug|Any CPU
		{6CA9F7F3-9B38-4971-AD52-B7601C4FA808}.Release|Any CPU.ActiveCfg = Release|Any CPU
		{6CA9F7F3-9B38-4971-AD52-B7601C4FA808}.Release|Any CPU.Build.0 = Release|Any CPU
		{80DF89DB-365A-4DF2-9A6D-DD852CA5F1BF}.Debug|Any CPU.ActiveCfg = Debug|Any CPU
		{80DF89DB-365A-4DF2-9A6D-DD852CA5F1BF}.Debug|Any CPU.Build.0 = Debug|Any CPU
		{80DF89DB-365A-4DF2-9A6D-DD852CA5F1BF}.Release|Any CPU.ActiveCfg = Release|Any CPU
		{80DF89DB-365A-4DF2-9A6D-DD852CA5F1BF}.Release|Any CPU.Build.0 = Release|Any CPU
		{3F424E11-0027-4C49-8868-D7F6018FED21}.Debug|Any CPU.ActiveCfg = Debug|Any CPU
		{3F424E11-0027-4C49-8868-D7F6018FED21}.Debug|Any CPU.Build.0 = Debug|Any CPU
		{3F424E11-0027-4C49-8868-D7F6018FED21}.Release|Any CPU.ActiveCfg = Release|Any CPU
		{3F424E11-0027-4C49-8868-D7F6018FED21}.Release|Any CPU.Build.0 = Release|Any CPU
		{98920AED-928E-49AA-AEE3-CA64DB29AEA7}.Debug|Any CPU.ActiveCfg = Debug|Any CPU
		{98920AED-928E-49AA-AEE3-CA64DB29AEA7}.Debug|Any CPU.Build.0 = Debug|Any CPU
		{98920AED-928E-49AA-AEE3-CA64DB29AEA7}.Release|Any CPU.ActiveCfg = Release|Any CPU
		{98920AED-928E-49AA-AEE3-CA64DB29AEA7}.Release|Any CPU.Build.0 = Release|Any CPU
		{623BC3DF-0C4E-464F-ADBA-DCA5212C4306}.Debug|Any CPU.ActiveCfg = Debug|Any CPU
		{623BC3DF-0C4E-464F-ADBA-DCA5212C4306}.Debug|Any CPU.Build.0 = Debug|Any CPU
		{623BC3DF-0C4E-464F-ADBA-DCA5212C4306}.Release|Any CPU.ActiveCfg = Release|Any CPU
		{623BC3DF-0C4E-464F-ADBA-DCA5212C4306}.Release|Any CPU.Build.0 = Release|Any CPU
		{9C4F52C8-39DC-48B2-B4D9-5B4E12B7E904}.Debug|Any CPU.ActiveCfg = Debug|Any CPU
		{9C4F52C8-39DC-48B2-B4D9-5B4E12B7E904}.Debug|Any CPU.Build.0 = Debug|Any CPU
		{9C4F52C8-39DC-48B2-B4D9-5B4E12B7E904}.Release|Any CPU.ActiveCfg = Release|Any CPU
		{9C4F52C8-39DC-48B2-B4D9-5B4E12B7E904}.Release|Any CPU.Build.0 = Release|Any CPU
		{6F3C5CD2-6D5F-4B8E-8227-D1BCC82B2A95}.Debug|Any CPU.ActiveCfg = Debug|Any CPU
		{6F3C5CD2-6D5F-4B8E-8227-D1BCC82B2A95}.Debug|Any CPU.Build.0 = Debug|Any CPU
		{6F3C5CD2-6D5F-4B8E-8227-D1BCC82B2A95}.Release|Any CPU.ActiveCfg = Release|Any CPU
		{6F3C5CD2-6D5F-4B8E-8227-D1BCC82B2A95}.Release|Any CPU.Build.0 = Release|Any CPU
	EndGlobalSection
	GlobalSection(NestedProjects) = preSolution
		{BC5F2985-2BE0-4652-87DD-F3EEB998768B} = {F9C6D3A8-6178-4AD7-888D-9281C7E5CD6F}
		{37EFA90F-E88A-41E3-BD14-F1E94972CF86} = {F9C6D3A8-6178-4AD7-888D-9281C7E5CD6F}
		{8F81B45C-9BBF-4B84-8394-CF809539C632} = {5731AE6D-76BF-48D1-9B19-4DF9E56D4BD1}
		{6CA9F7F3-9B38-4971-AD52-B7601C4FA808} = {5731AE6D-76BF-48D1-9B19-4DF9E56D4BD1}
		{80DF89DB-365A-4DF2-9A6D-DD852CA5F1BF} = {61F6F0AE-8D1E-479E-A878-A0A337EE8E92}
		{3F424E11-0027-4C49-8868-D7F6018FED21} = {61F6F0AE-8D1E-479E-A878-A0A337EE8E92}
		{98920AED-928E-49AA-AEE3-CA64DB29AEA7} = {1E6BFC0D-0B6A-4419-B55C-E52035225B66}
		{623BC3DF-0C4E-464F-ADBA-DCA5212C4306} = {1E6BFC0D-0B6A-4419-B55C-E52035225B66}
		{9C4F52C8-39DC-48B2-B4D9-5B4E12B7E904} = {E90B121F-C580-4C0E-9958-367EB5EA9706}
		{6F3C5CD2-6D5F-4B8E-8227-D1BCC82B2A95} = {E90B121F-C580-4C0E-9958-367EB5EA9706}
	EndGlobalSection
EndGlobal
