
Microsoft Visual Studio Solution File, Format Version 12.00
Project("{2150E333-8FDC-42A3-9474-1A3956D46DE8}") = "Day 5 - No for loop authorized", "Day 5 - No for loop authorized", "{48560EF8-269E-4373-9DF0-E1E68D59EB6A}"
EndProject
Project("{FAE04EC0-301F-11D3-BF4B-00C04F79EFBC}") = "Day05", "Day05\Day05\Day05.csproj", "{657A0F23-BFA2-4B65-81FC-AA74E4B207B3}"
EndProject
Project("{FAE04EC0-301F-11D3-BF4B-00C04F79EFBC}") = "Day05.Tests", "Day05\Day05.Tests\Day05.Tests.csproj", "{D101AC5C-815B-4823-821B-796A35ACCA4B}"
EndProject
Project("{2150E333-8FDC-42A3-9474-1A3956D46DE8}") = "Day 10 - Dot not use if statement", "Day 10 - Dot not use if statement", "{478723CD-5BF9-45B1-8544-F3A692756707}"
EndProject
Project("{FAE04EC0-301F-11D3-BF4B-00C04F79EFBC}") = "Day10", "Day10\Day10\Day10.csproj", "{174CDEC0-4654-4A3C-AE0E-E1203B609DE1}"
EndProject
Project("{FAE04EC0-301F-11D3-BF4B-00C04F79EFBC}") = "Day10.Tests", "Day10\Day10.Tests\Day10.Tests.csproj", "{6552D377-B1F4-4379-9EB3-BBEE8BC883BE}"
EndProject
Project("{2150E333-8FDC-42A3-9474-1A3956D46DE8}") = "Day 14 - Do not use exceptions anymore", "Day 14 - Do not use exceptions anymore", "{98920142-86E4-442F-B51B-38F5F38F7956}"
EndProject
Project("{FAE04EC0-301F-11D3-BF4B-00C04F79EFBC}") = "Day14", "Day14\Day14\Day14.csproj", "{22E8C778-1364-4D00-B085-AC8033AF4A48}"
EndProject
Project("{FAE04EC0-301F-11D3-BF4B-00C04F79EFBC}") = "Day14.Tests", "Day14\Day14.Tests\Day14.Tests.csproj", "{0D514739-E78B-4C84-B7FF-2547EA2318CC}"
EndProject
Project("{2150E333-8FDC-42A3-9474-1A3956D46DE8}") = "Day 16 - Make this code immutable", "Day 16 - Make this code immutable", "{06B73AD8-6A03-47D6-B021-FEE2A83344AF}"
EndProject
Project("{FAE04EC0-301F-11D3-BF4B-00C04F79EFBC}") = "Day16.Tests", "Day16\Day16.Tests\Day16.Tests.csproj", "{9B40B847-9172-4BC1-9636-ECF1E7C8AEB0}"
EndProject
Project("{FAE04EC0-301F-11D3-BF4B-00C04F79EFBC}") = "Day16", "Day16\Day16\Day16.csproj", "{C083702A-42ED-48C2-A5D3-0C1530B80362}"
EndProject
Project("{2150E333-8FDC-42A3-9474-1A3956D46DE8}") = "Day 19 - Loosing up dead weight", "Day 19 - Loosing up dead weight", "{D18F680B-ED25-44AA-9100-9203E12A9E6F}"
EndProject
Project("{FAE04EC0-301F-11D3-BF4B-00C04F79EFBC}") = "Day19", "Day19\Day19\Day19.csproj", "{ABE679E6-92AA-4D09-9484-6E93FDA14C96}"
EndProject
Project("{FAE04EC0-301F-11D3-BF4B-00C04F79EFBC}") = "Day19.Tests", "Day19\Day19.Tests\Day19.Tests.csproj", "{DF5D0334-8334-4560-9805-D1B9E3703670}"
EndProject
Project("{2150E333-8FDC-42A3-9474-1A3956D46DE8}") = "Day 23 - Refactor the code after putting it under test", "Day 23 - Refactor the code after putting it under test", "{4722E480-A551-4FB8-AF1F-536DE37A640A}"
EndProject
Project("{FAE04EC0-301F-11D3-BF4B-00C04F79EFBC}") = "Day23", "Day23\Day23\Day23.csproj", "{BF9BC813-0F02-42AF-8497-53C80B47CF50}"
EndProject
Project("{FAE04EC0-301F-11D3-BF4B-00C04F79EFBC}") = "Day23.Tests", "Day23\Day23.Tests\Day23.Tests.csproj", "{F3341E8B-1475-4B7F-9E7F-06681B912C4F}"
EndProject
Global
	GlobalSection(SolutionConfigurationPlatforms) = preSolution
		Debug|Any CPU = Debug|Any CPU
		Release|Any CPU = Release|Any CPU
	EndGlobalSection
	GlobalSection(ProjectConfigurationPlatforms) = postSolution
		{657A0F23-BFA2-4B65-81FC-AA74E4B207B3}.Debug|Any CPU.ActiveCfg = Debug|Any CPU
		{657A0F23-BFA2-4B65-81FC-AA74E4B207B3}.Debug|Any CPU.Build.0 = Debug|Any CPU
		{657A0F23-BFA2-4B65-81FC-AA74E4B207B3}.Release|Any CPU.ActiveCfg = Release|Any CPU
		{657A0F23-BFA2-4B65-81FC-AA74E4B207B3}.Release|Any CPU.Build.0 = Release|Any CPU
		{D101AC5C-815B-4823-821B-796A35ACCA4B}.Debug|Any CPU.ActiveCfg = Debug|Any CPU
		{D101AC5C-815B-4823-821B-796A35ACCA4B}.Debug|Any CPU.Build.0 = Debug|Any CPU
		{D101AC5C-815B-4823-821B-796A35ACCA4B}.Release|Any CPU.ActiveCfg = Release|Any CPU
		{D101AC5C-815B-4823-821B-796A35ACCA4B}.Release|Any CPU.Build.0 = Release|Any CPU
		{174CDEC0-4654-4A3C-AE0E-E1203B609DE1}.Debug|Any CPU.ActiveCfg = Debug|Any CPU
		{174CDEC0-4654-4A3C-AE0E-E1203B609DE1}.Debug|Any CPU.Build.0 = Debug|Any CPU
		{174CDEC0-4654-4A3C-AE0E-E1203B609DE1}.Release|Any CPU.ActiveCfg = Release|Any CPU
		{174CDEC0-4654-4A3C-AE0E-E1203B609DE1}.Release|Any CPU.Build.0 = Release|Any CPU
		{6552D377-B1F4-4379-9EB3-BBEE8BC883BE}.Debug|Any CPU.ActiveCfg = Debug|Any CPU
		{6552D377-B1F4-4379-9EB3-BBEE8BC883BE}.Debug|Any CPU.Build.0 = Debug|Any CPU
		{6552D377-B1F4-4379-9EB3-BBEE8BC883BE}.Release|Any CPU.ActiveCfg = Release|Any CPU
		{6552D377-B1F4-4379-9EB3-BBEE8BC883BE}.Release|Any CPU.Build.0 = Release|Any CPU
		{22E8C778-1364-4D00-B085-AC8033AF4A48}.Debug|Any CPU.ActiveCfg = Debug|Any CPU
		{22E8C778-1364-4D00-B085-AC8033AF4A48}.Debug|Any CPU.Build.0 = Debug|Any CPU
		{22E8C778-1364-4D00-B085-AC8033AF4A48}.Release|Any CPU.ActiveCfg = Release|Any CPU
		{22E8C778-1364-4D00-B085-AC8033AF4A48}.Release|Any CPU.Build.0 = Release|Any CPU
		{0D514739-E78B-4C84-B7FF-2547EA2318CC}.Debug|Any CPU.ActiveCfg = Debug|Any CPU
		{0D514739-E78B-4C84-B7FF-2547EA2318CC}.Debug|Any CPU.Build.0 = Debug|Any CPU
		{0D514739-E78B-4C84-B7FF-2547EA2318CC}.Release|Any CPU.ActiveCfg = Release|Any CPU
		{0D514739-E78B-4C84-B7FF-2547EA2318CC}.Release|Any CPU.Build.0 = Release|Any CPU
		{9B40B847-9172-4BC1-9636-ECF1E7C8AEB0}.Debug|Any CPU.ActiveCfg = Debug|Any CPU
		{9B40B847-9172-4BC1-9636-ECF1E7C8AEB0}.Debug|Any CPU.Build.0 = Debug|Any CPU
		{9B40B847-9172-4BC1-9636-ECF1E7C8AEB0}.Release|Any CPU.ActiveCfg = Release|Any CPU
		{9B40B847-9172-4BC1-9636-ECF1E7C8AEB0}.Release|Any CPU.Build.0 = Release|Any CPU
		{C083702A-42ED-48C2-A5D3-0C1530B80362}.Debug|Any CPU.ActiveCfg = Debug|Any CPU
		{C083702A-42ED-48C2-A5D3-0C1530B80362}.Debug|Any CPU.Build.0 = Debug|Any CPU
		{C083702A-42ED-48C2-A5D3-0C1530B80362}.Release|Any CPU.ActiveCfg = Release|Any CPU
		{C083702A-42ED-48C2-A5D3-0C1530B80362}.Release|Any CPU.Build.0 = Release|Any CPU
		{ABE679E6-92AA-4D09-9484-6E93FDA14C96}.Debug|Any CPU.ActiveCfg = Debug|Any CPU
		{ABE679E6-92AA-4D09-9484-6E93FDA14C96}.Debug|Any CPU.Build.0 = Debug|Any CPU
		{ABE679E6-92AA-4D09-9484-6E93FDA14C96}.Release|Any CPU.ActiveCfg = Release|Any CPU
		{ABE679E6-92AA-4D09-9484-6E93FDA14C96}.Release|Any CPU.Build.0 = Release|Any CPU
		{DF5D0334-8334-4560-9805-D1B9E3703670}.Debug|Any CPU.ActiveCfg = Debug|Any CPU
		{DF5D0334-8334-4560-9805-D1B9E3703670}.Debug|Any CPU.Build.0 = Debug|Any CPU
		{DF5D0334-8334-4560-9805-D1B9E3703670}.Release|Any CPU.ActiveCfg = Release|Any CPU
		{DF5D0334-8334-4560-9805-D1B9E3703670}.Release|Any CPU.Build.0 = Release|Any CPU
		{BF9BC813-0F02-42AF-8497-53C80B47CF50}.Debug|Any CPU.ActiveCfg = Debug|Any CPU
		{BF9BC813-0F02-42AF-8497-53C80B47CF50}.Debug|Any CPU.Build.0 = Debug|Any CPU
		{BF9BC813-0F02-42AF-8497-53C80B47CF50}.Release|Any CPU.ActiveCfg = Release|Any CPU
		{BF9BC813-0F02-42AF-8497-53C80B47CF50}.Release|Any CPU.Build.0 = Release|Any CPU
		{F3341E8B-1475-4B7F-9E7F-06681B912C4F}.Debug|Any CPU.ActiveCfg = Debug|Any CPU
		{F3341E8B-1475-4B7F-9E7F-06681B912C4F}.Debug|Any CPU.Build.0 = Debug|Any CPU
		{F3341E8B-1475-4B7F-9E7F-06681B912C4F}.Release|Any CPU.ActiveCfg = Release|Any CPU
		{F3341E8B-1475-4B7F-9E7F-06681B912C4F}.Release|Any CPU.Build.0 = Release|Any CPU
	EndGlobalSection
	GlobalSection(NestedProjects) = preSolution
		{657A0F23-BFA2-4B65-81FC-AA74E4B207B3} = {48560EF8-269E-4373-9DF0-E1E68D59EB6A}
		{D101AC5C-815B-4823-821B-796A35ACCA4B} = {48560EF8-269E-4373-9DF0-E1E68D59EB6A}
		{174CDEC0-4654-4A3C-AE0E-E1203B609DE1} = {478723CD-5BF9-45B1-8544-F3A692756707}
		{6552D377-B1F4-4379-9EB3-BBEE8BC883BE} = {478723CD-5BF9-45B1-8544-F3A692756707}
		{22E8C778-1364-4D00-B085-AC8033AF4A48} = {98920142-86E4-442F-B51B-38F5F38F7956}
		{0D514739-E78B-4C84-B7FF-2547EA2318CC} = {98920142-86E4-442F-B51B-38F5F38F7956}
		{9B40B847-9172-4BC1-9636-ECF1E7C8AEB0} = {06B73AD8-6A03-47D6-B021-FEE2A83344AF}
		{C083702A-42ED-48C2-A5D3-0C1530B80362} = {06B73AD8-6A03-47D6-B021-FEE2A83344AF}
		{ABE679E6-92AA-4D09-9484-6E93FDA14C96} = {D18F680B-ED25-44AA-9100-9203E12A9E6F}
		{DF5D0334-8334-4560-9805-D1B9E3703670} = {D18F680B-ED25-44AA-9100-9203E12A9E6F}
		{BF9BC813-0F02-42AF-8497-53C80B47CF50} = {4722E480-A551-4FB8-AF1F-536DE37A640A}
		{F3341E8B-1475-4B7F-9E7F-06681B912C4F} = {4722E480-A551-4FB8-AF1F-536DE37A640A}
	EndGlobalSection
EndGlobal
